// !$*UTF8*$!
{
	archiveVersion = 1;
	classes = {
	};
	objectVersion = 46;
	objects = {

/* Begin PBXBuildFile section */
		76D1FDDF178C02CB0024E712 /* UIKit.framework in Frameworks */ = {isa = PBXBuildFile; fileRef = 76D1FDDE178C02CB0024E712 /* UIKit.framework */; };
		76D1FDE1178C02CB0024E712 /* Foundation.framework in Frameworks */ = {isa = PBXBuildFile; fileRef = 76D1FDE0178C02CB0024E712 /* Foundation.framework */; };
		76D1FDE3178C02CB0024E712 /* CoreGraphics.framework in Frameworks */ = {isa = PBXBuildFile; fileRef = 76D1FDE2178C02CB0024E712 /* CoreGraphics.framework */; };
		76D1FDE9178C02CB0024E712 /* InfoPlist.strings in Resources */ = {isa = PBXBuildFile; fileRef = 76D1FDE7178C02CB0024E712 /* InfoPlist.strings */; };
		76D1FDEB178C02CB0024E712 /* main.m in Sources */ = {isa = PBXBuildFile; fileRef = 76D1FDEA178C02CB0024E712 /* main.m */; };
		76D1FDEF178C02CB0024E712 /* AppDelegate.m in Sources */ = {isa = PBXBuildFile; fileRef = 76D1FDEE178C02CB0024E712 /* AppDelegate.m */; };
		76D1FDF1178C02CB0024E712 /* Default.png in Resources */ = {isa = PBXBuildFile; fileRef = 76D1FDF0178C02CB0024E712 /* Default.png */; };
		76D1FDF3178C02CB0024E712 /* Default@2x.png in Resources */ = {isa = PBXBuildFile; fileRef = 76D1FDF2178C02CB0024E712 /* Default@2x.png */; };
		76D1FDF5178C02CB0024E712 /* Default-568h@2x.png in Resources */ = {isa = PBXBuildFile; fileRef = 76D1FDF4178C02CB0024E712 /* Default-568h@2x.png */; };
		76D1FDF8178C02CB0024E712 /* ViewController.m in Sources */ = {isa = PBXBuildFile; fileRef = 76D1FDF7178C02CB0024E712 /* ViewController.m */; };
		76D1FDFB178C02CB0024E712 /* ViewController_iPhone.xib in Resources */ = {isa = PBXBuildFile; fileRef = 76D1FDF9178C02CB0024E712 /* ViewController_iPhone.xib */; };
		76D1FDFE178C02CB0024E712 /* ViewController_iPad.xib in Resources */ = {isa = PBXBuildFile; fileRef = 76D1FDFC178C02CB0024E712 /* ViewController_iPad.xib */; };
		76D1FE06178C02E20024E712 /* customSwitchBg@2x.png in Resources */ = {isa = PBXBuildFile; fileRef = 76D1FE04178C02E20024E712 /* customSwitchBg@2x.png */; };
		76D1FE07178C02E20024E712 /* customSwitchFront@2x.png in Resources */ = {isa = PBXBuildFile; fileRef = 76D1FE05178C02E20024E712 /* customSwitchFront@2x.png */; };
		76D1FE0A178C02F40024E712 /* CustomSwitch.m in Sources */ = {isa = PBXBuildFile; fileRef = 76D1FE09178C02F40024E712 /* CustomSwitch.m */; };
/* End PBXBuildFile section */

/* Begin PBXFileReference section */
		76D1FDDB178C02CB0024E712 /* customSwitch.app */ = {isa = PBXFileReference; explicitFileType = wrapper.application; includeInIndex = 0; path = customSwitch.app; sourceTree = BUILT_PRODUCTS_DIR; };
		76D1FDDE178C02CB0024E712 /* UIKit.framework */ = {isa = PBXFileReference; lastKnownFileType = wrapper.framework; name = UIKit.framework; path = System/Library/Frameworks/UIKit.framework; sourceTree = SDKROOT; };
		76D1FDE0178C02CB0024E712 /* Foundation.framework */ = {isa = PBXFileReference; lastKnownFileType = wrapper.framework; name = Foundation.framework; path = System/Library/Frameworks/Foundation.framework; sourceTree = SDKROOT; };
		76D1FDE2178C02CB0024E712 /* CoreGraphics.framework */ = {isa = PBXFileReference; lastKnownFileType = wrapper.framework; name = CoreGraphics.framework; path = System/Library/Frameworks/CoreGraphics.framework; sourceTree = SDKROOT; };
		76D1FDE6178C02CB0024E712 /* customSwitch-Info.plist */ = {isa = PBXFileReference; lastKnownFileType = text.plist.xml; path = "customSwitch-Info.plist"; sourceTree = "<group>"; };
		76D1FDE8178C02CB0024E712 /* en */ = {isa = PBXFileReference; lastKnownFileType = text.plist.strings; name = en; path = en.lproj/InfoPlist.strings; sourceTree = "<group>"; };
		76D1FDEA178C02CB0024E712 /* main.m */ = {isa = PBXFileReference; lastKnownFileType = sourcecode.c.objc; path = main.m; sourceTree = "<group>"; };
		76D1FDEC178C02CB0024E712 /* customSwitch-Prefix.pch */ = {isa = PBXFileReference; lastKnownFileType = sourcecode.c.h; path = "customSwitch-Prefix.pch"; sourceTree = "<group>"; };
		76D1FDED178C02CB0024E712 /* AppDelegate.h */ = {isa = PBXFileReference; lastKnownFileType = sourcecode.c.h; path = AppDelegate.h; sourceTree = "<group>"; };
		76D1FDEE178C02CB0024E712 /* AppDelegate.m */ = {isa = PBXFileReference; lastKnownFileType = sourcecode.c.objc; path = AppDelegate.m; sourceTree = "<group>"; };
		76D1FDF0178C02CB0024E712 /* Default.png */ = {isa = PBXFileReference; lastKnownFileType = image.png; path = Default.png; sourceTree = "<group>"; };
		76D1FDF2178C02CB0024E712 /* Default@2x.png */ = {isa = PBXFileReference; lastKnownFileType = image.png; path = "Default@2x.png"; sourceTree = "<group>"; };
		76D1FDF4178C02CB0024E712 /* Default-568h@2x.png */ = {isa = PBXFileReference; lastKnownFileType = image.png; path = "Default-568h@2x.png"; sourceTree = "<group>"; };
		76D1FDF6178C02CB0024E712 /* ViewController.h */ = {isa = PBXFileReference; lastKnownFileType = sourcecode.c.h; path = ViewController.h; sourceTree = "<group>"; };
		76D1FDF7178C02CB0024E712 /* ViewController.m */ = {isa = PBXFileReference; lastKnownFileType = sourcecode.c.objc; path = ViewController.m; sourceTree = "<group>"; };
		76D1FDFA178C02CB0024E712 /* en */ = {isa = PBXFileReference; lastKnownFileType = file.xib; name = en; path = en.lproj/ViewController_iPhone.xib; sourceTree = "<group>"; };
		76D1FDFD178C02CB0024E712 /* en */ = {isa = PBXFileReference; lastKnownFileType = file.xib; name = en; path = en.lproj/ViewController_iPad.xib; sourceTree = "<group>"; };
		76D1FE04178C02E20024E712 /* customSwitchBg@2x.png */ = {isa = PBXFileReference; lastKnownFileType = image.png; path = "customSwitchBg@2x.png"; sourceTree = "<group>"; };
		76D1FE05178C02E20024E712 /* customSwitchFront@2x.png */ = {isa = PBXFileReference; lastKnownFileType = image.png; path = "customSwitchFront@2x.png"; sourceTree = "<group>"; };
		76D1FE08178C02F40024E712 /* CustomSwitch.h */ = {isa = PBXFileReference; fileEncoding = 4; lastKnownFileType = sourcecode.c.h; path = CustomSwitch.h; sourceTree = "<group>"; };
		76D1FE09178C02F40024E712 /* CustomSwitch.m */ = {isa = PBXFileReference; fileEncoding = 4; lastKnownFileType = sourcecode.c.objc; path = CustomSwitch.m; sourceTree = "<group>"; };
/* End PBXFileReference section */

/* Begin PBXFrameworksBuildPhase section */
		76D1FDD8178C02CB0024E712 /* Frameworks */ = {
			isa = PBXFrameworksBuildPhase;
			buildActionMask = 2147483647;
			files = (
				76D1FDDF178C02CB0024E712 /* UIKit.framework in Frameworks */,
				76D1FDE1178C02CB0024E712 /* Foundation.framework in Frameworks */,
				76D1FDE3178C02CB0024E712 /* CoreGraphics.framework in Frameworks */,
			);
			runOnlyForDeploymentPostprocessing = 0;
		};
/* End PBXFrameworksBuildPhase section */

/* Begin PBXGroup section */
		76D1FDD2178C02CA0024E712 = {
			isa = PBXGroup;
			children = (
				76D1FDE4178C02CB0024E712 /* customSwitch */,
				76D1FDDD178C02CB0024E712 /* Frameworks */,
				76D1FDDC178C02CB0024E712 /* Products */,
			);
			sourceTree = "<group>";
		};
		76D1FDDC178C02CB0024E712 /* Products */ = {
			isa = PBXGroup;
			children = (
				76D1FDDB178C02CB0024E712 /* customSwitch.app */,
			);
			name = Products;
			sourceTree = "<group>";
		};
		76D1FDDD178C02CB0024E712 /* Frameworks */ = {
			isa = PBXGroup;
			children = (
				76D1FDDE178C02CB0024E712 /* UIKit.framework */,
				76D1FDE0178C02CB0024E712 /* Foundation.framework */,
				76D1FDE2178C02CB0024E712 /* CoreGraphics.framework */,
			);
			name = Frameworks;
			sourceTree = "<group>";
		};
		76D1FDE4178C02CB0024E712 /* customSwitch */ = {
			isa = PBXGroup;
			children = (
				76D1FE04178C02E20024E712 /* customSwitchBg@2x.png */,
				76D1FE05178C02E20024E712 /* customSwitchFront@2x.png */,
				76D1FDED178C02CB0024E712 /* AppDelegate.h */,
				76D1FDEE178C02CB0024E712 /* AppDelegate.m */,
				76D1FDF6178C02CB0024E712 /* ViewController.h */,
				76D1FDF7178C02CB0024E712 /* ViewController.m */,
				76D1FDF9178C02CB0024E712 /* ViewController_iPhone.xib */,
				76D1FDFC178C02CB0024E712 /* ViewController_iPad.xib */,
				76D1FDE5178C02CB0024E712 /* Supporting Files */,
				76D1FE08178C02F40024E712 /* CustomSwitch.h */,
				76D1FE09178C02F40024E712 /* CustomSwitch.m */,
			);
			path = customSwitch;
			sourceTree = "<group>";
		};
		76D1FDE5178C02CB0024E712 /* Supporting Files */ = {
			isa = PBXGroup;
			children = (
				76D1FDE6178C02CB0024E712 /* customSwitch-Info.plist */,
				76D1FDE7178C02CB0024E712 /* InfoPlist.strings */,
				76D1FDEA178C02CB0024E712 /* main.m */,
				76D1FDEC178C02CB0024E712 /* customSwitch-Prefix.pch */,
				76D1FDF0178C02CB0024E712 /* Default.png */,
				76D1FDF2178C02CB0024E712 /* Default@2x.png */,
				76D1FDF4178C02CB0024E712 /* Default-568h@2x.png */,
			);
			name = "Supporting Files";
			sourceTree = "<group>";
		};
/* End PBXGroup section */

/* Begin PBXNativeTarget section */
		76D1FDDA178C02CB0024E712 /* customSwitch */ = {
			isa = PBXNativeTarget;
			buildConfigurationList = 76D1FE01178C02CB0024E712 /* Build configuration list for PBXNativeTarget "customSwitch" */;
			buildPhases = (
				76D1FDD7178C02CB0024E712 /* Sources */,
				76D1FDD8178C02CB0024E712 /* Frameworks */,
				76D1FDD9178C02CB0024E712 /* Resources */,
			);
			buildRules = (
			);
			dependencies = (
			);
			name = customSwitch;
			productName = customSwitch;
			productReference = 76D1FDDB178C02CB0024E712 /* customSwitch.app */;
			productType = "com.apple.product-type.application";
		};
/* End PBXNativeTarget section */

/* Begin PBXProject section */
		76D1FDD3178C02CA0024E712 /* Project object */ = {
			isa = PBXProject;
			attributes = {
				LastUpgradeCheck = 0460;
				ORGANIZATIONNAME = zyax86;
			};
			buildConfigurationList = 76D1FDD6178C02CA0024E712 /* Build configuration list for PBXProject "customSwitch" */;
			compatibilityVersion = "Xcode 3.2";
			developmentRegion = English;
			hasScannedForEncodings = 0;
			knownRegions = (
				en,
			);
			mainGroup = 76D1FDD2178C02CA0024E712;
			productRefGroup = 76D1FDDC178C02CB0024E712 /* Products */;
			projectDirPath = "";
			projectRoot = "";
			targets = (
				76D1FDDA178C02CB0024E712 /* customSwitch */,
			);
		};
/* End PBXProject section */

/* Begin PBXResourcesBuildPhase section */
		76D1FDD9178C02CB0024E712 /* Resources */ = {
			isa = PBXResourcesBuildPhase;
			buildActionMask = 2147483647;
			files = (
				76D1FDE9178C02CB0024E712 /* InfoPlist.strings in Resources */,
				76D1FDF1178C02CB0024E712 /* Default.png in Resources */,
				76D1FDF3178C02CB0024E712 /* Default@2x.png in Resources */,
				76D1FDF5178C02CB0024E712 /* Default-568h@2x.png in Resources */,
				76D1FDFB178C02CB0024E712 /* ViewController_iPhone.xib in Resources */,
				76D1FDFE178C02CB0024E712 /* ViewController_iPad.xib in Resources */,
				76D1FE06178C02E20024E712 /* customSwitchBg@2x.png in Resources */,
				76D1FE07178C02E20024E712 /* customSwitchFront@2x.png in Resources */,
			);
			runOnlyForDeploymentPostprocessing = 0;
		};
/* End PBXResourcesBuildPhase section */

/* Begin PBXSourcesBuildPhase section */
		76D1FDD7178C02CB0024E712 /* Sources */ = {
			isa = PBXSourcesBuildPhase;
			buildActionMask = 2147483647;
			files = (
				76D1FDEB178C02CB0024E712 /* main.m in Sources */,
				76D1FDEF178C02CB0024E712 /* AppDelegate.m in Sources */,
				76D1FDF8178C02CB0024E712 /* ViewController.m in Sources */,
				76D1FE0A178C02F40024E712 /* CustomSwitch.m in Sources */,
			);
			runOnlyForDeploymentPostprocessing = 0;
		};
/* End PBXSourcesBuildPhase section */

/* Begin PBXVariantGroup section */
		76D1FDE7178C02CB0024E712 /* InfoPlist.strings */ = {
			isa = PBXVariantGroup;
			children = (
				76D1FDE8178C02CB0024E712 /* en */,
			);
			name = InfoPlist.strings;
			sourceTree = "<group>";
		};
		76D1FDF9178C02CB0024E712 /* ViewController_iPhone.xib */ = {
			isa = PBXVariantGroup;
			children = (
				76D1FDFA178C02CB0024E712 /* en */,
			);
			name = ViewController_iPhone.xib;
			sourceTree = "<group>";
		};
		76D1FDFC178C02CB0024E712 /* ViewController_iPad.xib */ = {
			isa = PBXVariantGroup;
			children = (
				76D1FDFD178C02CB0024E712 /* en */,
			);
			name = ViewController_iPad.xib;
			sourceTree = "<group>";
		};
/* End PBXVariantGroup section */

/* Begin XCBuildConfiguration section */
		76D1FDFF178C02CB0024E712 /* Debug */ = {
			isa = XCBuildConfiguration;
			buildSettings = {
				ALWAYS_SEARCH_USER_PATHS = NO;
				CLANG_CXX_LANGUAGE_STANDARD = "gnu++0x";
				CLANG_CXX_LIBRARY = "libc++";
				CLANG_WARN_CONSTANT_CONVERSION = YES;
				CLANG_WARN_EMPTY_BODY = YES;
				CLANG_WARN_ENUM_CONVERSION = YES;
				CLANG_WARN_INT_CONVERSION = YES;
				CLANG_WARN__DUPLICATE_METHOD_MATCH = YES;
				"CODE_SIGN_IDENTITY[sdk=iphoneos*]" = "iPhone Developer";
				COPY_PHASE_STRIP = NO;
				GCC_C_LANGUAGE_STANDARD = gnu99;
				GCC_DYNAMIC_NO_PIC = NO;
				GCC_OPTIMIZATION_LEVEL = 0;
				GCC_PREPROCESSOR_DEFINITIONS = (
					"DEBUG=1",
					"$(inherited)",
				);
				GCC_SYMBOLS_PRIVATE_EXTERN = NO;
				GCC_WARN_ABOUT_RETURN_TYPE = YES;
				GCC_WARN_UNINITIALIZED_AUTOS = YES;
				GCC_WARN_UNUSED_VARIABLE = YES;
				IPHONEOS_DEPLOYMENT_TARGET = 6.1;
				ONLY_ACTIVE_ARCH = YES;
				SDKROOT = iphoneos;
				TARGETED_DEVICE_FAMILY = "1,2";
			};
			name = Debug;
		};
		76D1FE00178C02CB0024E712 /* Release */ = {
			isa = XCBuildConfiguration;
			buildSettings = {
				ALWAYS_SEARCH_USER_PATHS = NO;
				CLANG_CXX_LANGUAGE_STANDARD = "gnu++0x";
				CLANG_CXX_LIBRARY = "libc++";
				CLANG_WARN_CONSTANT_CONVERSION = YES;
				CLANG_WARN_EMPTY_BODY = YES;
				CLANG_WARN_ENUM_CONVERSION = YES;
				CLANG_WARN_INT_CONVERSION = YES;
				CLANG_WARN__DUPLICATE_METHOD_MATCH = YES;
				"CODE_SIGN_IDENTITY[sdk=iphoneos*]" = "iPhone Developer";
				COPY_PHASE_STRIP = YES;
				GCC_C_LANGUAGE_STANDARD = gnu99;
				GCC_WARN_ABOUT_RETURN_TYPE = YES;
				GCC_WARN_UNINITIALIZED_AUTOS = YES;
				GCC_WARN_UNUSED_VARIABLE = YES;
				IPHONEOS_DEPLOYMENT_TARGET = 6.1;
				OTHER_CFLAGS = "-DNS_BLOCK_ASSERTIONS=1";
				SDKROOT = iphoneos;
				TARGETED_DEVICE_FAMILY = "1,2";
				VALIDATE_PRODUCT = YES;
			};
			name = Release;
		};
		76D1FE02178C02CB0024E712 /* Debug */ = {
			isa = XCBuildConfiguration;
			buildSettings = {
				GCC_PRECOMPILE_PREFIX_HEADER = YES;
				GCC_PREFIX_HEADER = "customSwitch/customSwitch-Prefix.pch";
				INFOPLIST_FILE = "customSwitch/customSwitch-Info.plist";
				PRODUCT_NAME = "$(TARGET_NAME)";
				WRAPPER_EXTENSION = app;
			};
			name = Debug;
		};
		76D1FE03178C02CB0024E712 /* Release */ = {
			isa = XCBuildConfiguration;
			buildSettings = {
				GCC_PRECOMPILE_PREFIX_HEADER = YES;
				GCC_PREFIX_HEADER = "customSwitch/customSwitch-Prefix.pch";
				INFOPLIST_FILE = "customSwitch/customSwitch-Info.plist";
				PRODUCT_NAME = "$(TARGET_NAME)";
				WRAPPER_EXTENSION = app;
			};
			name = Release;
		};
/* End XCBuildConfiguration section */

/* Begin XCConfigurationList section */
		76D1FDD6178C02CA0024E712 /* Build configuration list for PBXProject "customSwitch" */ = {
			isa = XCConfigurationList;
			buildConfigurations = (
				76D1FDFF178C02CB0024E712 /* Debug */,
				76D1FE00178C02CB0024E712 /* Release */,
			);
			defaultConfigurationIsVisible = 0;
			defaultConfigurationName = Release;
		};
		76D1FE01178C02CB0024E712 /* Build configuration list for PBXNativeTarget "customSwitch" */ = {
			isa = XCConfigurationList;
			buildConfigurations = (
				76D1FE02178C02CB0024E712 /* Debug */,
				76D1FE03178C02CB0024E712 /* Release */,
			);
			defaultConfigurationIsVisible = 0;
		};
/* End XCConfigurationList section */
	};
	rootObject = 76D1FDD3178C02CA0024E712 /* Project object */;
}
