// !$*UTF8*$!
{
	archiveVersion = 1;
	classes = {
	};
	objectVersion = 46;
	objects = {

/* Begin PBXBuildFile section */
		3D046E201762C091008EE2DA /* btn_login_fb@2x.png in Resources */ = {isa = PBXBuildFile; fileRef = 3D046E1C1762C091008EE2DA /* btn_login_fb@2x.png */; };
		3D046E211762C091008EE2DA /* btn_login_google@2x.png in Resources */ = {isa = PBXBuildFile; fileRef = 3D046E1D1762C091008EE2DA /* btn_login_google@2x.png */; };
		3D046E221762C091008EE2DA /* btn_login@2x.png in Resources */ = {isa = PBXBuildFile; fileRef = 3D046E1E1762C091008EE2DA /* btn_login@2x.png */; };
		3D046E231762C091008EE2DA /* login_background@2x.png in Resources */ = {isa = PBXBuildFile; fileRef = 3D046E1F1762C091008EE2DA /* login_background@2x.png */; };
		3D046E261762C0D8008EE2DA /* LoginView.m in Sources */ = {isa = PBXBuildFile; fileRef = 3D046E251762C0D8008EE2DA /* LoginView.m */; };
		3D046E281762C0EB008EE2DA /* LoginView.xib in Resources */ = {isa = PBXBuildFile; fileRef = 3D046E271762C0EB008EE2DA /* LoginView.xib */; };
		3D046E301763022F008EE2DA /* SignupViewController.m in Sources */ = {isa = PBXBuildFile; fileRef = 3D046E2F1763022F008EE2DA /* SignupViewController.m */; };
		3D07E6C4176AEFB9000D3FBA /* SDWebImage.framework in Frameworks */ = {isa = PBXBuildFile; fileRef = 3D07E6C3176AEFB9000D3FBA /* SDWebImage.framework */; };
		3D6151A41734A391003D72B0 /* UIKit.framework in Frameworks */ = {isa = PBXBuildFile; fileRef = 3D6151A31734A391003D72B0 /* UIKit.framework */; };
		3D6151A61734A391003D72B0 /* Foundation.framework in Frameworks */ = {isa = PBXBuildFile; fileRef = 3D6151A51734A391003D72B0 /* Foundation.framework */; };
		3D6151A81734A391003D72B0 /* CoreGraphics.framework in Frameworks */ = {isa = PBXBuildFile; fileRef = 3D6151A71734A391003D72B0 /* CoreGraphics.framework */; };
		3D6151AE1734A391003D72B0 /* InfoPlist.strings in Resources */ = {isa = PBXBuildFile; fileRef = 3D6151AC1734A391003D72B0 /* InfoPlist.strings */; };
		3D6151B01734A391003D72B0 /* main.m in Sources */ = {isa = PBXBuildFile; fileRef = 3D6151AF1734A391003D72B0 /* main.m */; };
		3D6151B41734A391003D72B0 /* AppDelegate.m in Sources */ = {isa = PBXBuildFile; fileRef = 3D6151B31734A391003D72B0 /* AppDelegate.m */; };
		3D6151B61734A391003D72B0 /* Default.png in Resources */ = {isa = PBXBuildFile; fileRef = 3D6151B51734A391003D72B0 /* Default.png */; };
		3D6151B81734A391003D72B0 /* Default@2x.png in Resources */ = {isa = PBXBuildFile; fileRef = 3D6151B71734A391003D72B0 /* Default@2x.png */; };
		3D6151BA1734A391003D72B0 /* Default-568h@2x.png in Resources */ = {isa = PBXBuildFile; fileRef = 3D6151B91734A391003D72B0 /* Default-568h@2x.png */; };
		3D6151CA1734A4C4003D72B0 /* User.m in Sources */ = {isa = PBXBuildFile; fileRef = 3D6151C91734A4C4003D72B0 /* User.m */; };
		3D6151D01734AF2A003D72B0 /* Location.m in Sources */ = {isa = PBXBuildFile; fileRef = 3D6151CF1734AF2A003D72B0 /* Location.m */; };
		3D6151D31734B1AB003D72B0 /* Event.m in Sources */ = {isa = PBXBuildFile; fileRef = 3D6151D21734B1AB003D72B0 /* Event.m */; };
		3D9AD89C1740B4AE0017B69E /* Default-568h@2x.png in Resources */ = {isa = PBXBuildFile; fileRef = 3D9AD89B1740B4AE0017B69E /* Default-568h@2x.png */; };
		3DB97804174A1187005B462E /* Model.m in Sources */ = {isa = PBXBuildFile; fileRef = 3DB97803174A1187005B462E /* Model.m */; };
		3DB97808174A1424005B462E /* EventView.m in Sources */ = {isa = PBXBuildFile; fileRef = 3DB97806174A1424005B462E /* EventView.m */; };
		3DB97809174A1424005B462E /* EventView.xib in Resources */ = {isa = PBXBuildFile; fileRef = 3DB97807174A1424005B462E /* EventView.xib */; };
		3DB9780E174A2832005B462E /* FeedViewController.m in Sources */ = {isa = PBXBuildFile; fileRef = 3DB9780D174A2832005B462E /* FeedViewController.m */; };
		3DE06C8D174083F40071B8EE /* CalendarIntegrationView.xib in Resources */ = {isa = PBXBuildFile; fileRef = 3DE06C8C174083F40071B8EE /* CalendarIntegrationView.xib */; };
		3DE06C90174086310071B8EE /* bg_line1@2x.png in Resources */ = {isa = PBXBuildFile; fileRef = 3DE06C8E174086310071B8EE /* bg_line1@2x.png */; };
		3DE06C91174086310071B8EE /* btn_ok@2x.png in Resources */ = {isa = PBXBuildFile; fileRef = 3DE06C8F174086310071B8EE /* btn_ok@2x.png */; };
		3DE06C9317408A4D0071B8EE /* bg_line2@2x.png in Resources */ = {isa = PBXBuildFile; fileRef = 3DE06C9217408A4D0071B8EE /* bg_line2@2x.png */; };
		3DE06C9617408C710071B8EE /* CalendarIntegrationView.m in Sources */ = {isa = PBXBuildFile; fileRef = 3DE06C9517408C710071B8EE /* CalendarIntegrationView.m */; };
		761F0D1C1754E031009650F4 /* GPlaceApi.m in Sources */ = {isa = PBXBuildFile; fileRef = 761F0D1B1754E031009650F4 /* GPlaceApi.m */; };
		761F0D201754E8E6009650F4 /* GPlaceDataSource.m in Sources */ = {isa = PBXBuildFile; fileRef = 761F0D1F1754E8E6009650F4 /* GPlaceDataSource.m */; };
		7644047C1751F8E300B11BDE /* RootNavContrller.m in Sources */ = {isa = PBXBuildFile; fileRef = 7644047B1751F8E300B11BDE /* RootNavContrller.m */; };
		764404B017523B3700B11BDE /* GoogleMaps.framework in Frameworks */ = {isa = PBXBuildFile; fileRef = 764404AF17523B3700B11BDE /* GoogleMaps.framework */; };
		764404B217523B8600B11BDE /* AVFoundation.framework in Frameworks */ = {isa = PBXBuildFile; fileRef = 764404B117523B8600B11BDE /* AVFoundation.framework */; };
		764404B417523B9300B11BDE /* CoreData.framework in Frameworks */ = {isa = PBXBuildFile; fileRef = 764404B317523B9300B11BDE /* CoreData.framework */; };
		764404B617523BA100B11BDE /* CoreLocation.framework in Frameworks */ = {isa = PBXBuildFile; fileRef = 764404B517523BA100B11BDE /* CoreLocation.framework */; };
		764404B817523BB100B11BDE /* CoreText.framework in Frameworks */ = {isa = PBXBuildFile; fileRef = 764404B717523BB000B11BDE /* CoreText.framework */; };
		764404BA17523BB900B11BDE /* GLKit.framework in Frameworks */ = {isa = PBXBuildFile; fileRef = 764404B917523BB900B11BDE /* GLKit.framework */; };
		764404BC17523BF500B11BDE /* GoogleMaps.bundle in Resources */ = {isa = PBXBuildFile; fileRef = 764404BB17523BF500B11BDE /* GoogleMaps.bundle */; };
		764404BE17523C2700B11BDE /* ImageIO.framework in Frameworks */ = {isa = PBXBuildFile; fileRef = 764404BD17523C2700B11BDE /* ImageIO.framework */; };
		764404C017523C4300B11BDE /* libc++.dylib in Frameworks */ = {isa = PBXBuildFile; fileRef = 764404BF17523C4300B11BDE /* libc++.dylib */; };
		764404C217523C4C00B11BDE /* libz.dylib in Frameworks */ = {isa = PBXBuildFile; fileRef = 764404C117523C4C00B11BDE /* libz.dylib */; };
		764404C417523C5700B11BDE /* libicucore.dylib in Frameworks */ = {isa = PBXBuildFile; fileRef = 764404C317523C5700B11BDE /* libicucore.dylib */; };
		764404C617523C6200B11BDE /* OpenGLES.framework in Frameworks */ = {isa = PBXBuildFile; fileRef = 764404C517523C6200B11BDE /* OpenGLES.framework */; };
		764404C817523C6E00B11BDE /* SystemConfiguration.framework in Frameworks */ = {isa = PBXBuildFile; fileRef = 764404C717523C6E00B11BDE /* SystemConfiguration.framework */; };
		7672D16B1770925B0053D024 /* AddLocationViewController.xib in Resources */ = {isa = PBXBuildFile; fileRef = 7672D16A177091520053D024 /* AddLocationViewController.xib */; };
		7672D16C1770925B0053D024 /* AddEventViewController.xib in Resources */ = {isa = PBXBuildFile; fileRef = 76B970C7176F5BA200FC8535 /* AddEventViewController.xib */; };
		7672D16D177093C10053D024 /* AddLocationViewController.m in Sources */ = {isa = PBXBuildFile; fileRef = 7672D169177091520053D024 /* AddLocationViewController.m */; };
		7672D16E177093C10053D024 /* AddEventViewController.m in Sources */ = {isa = PBXBuildFile; fileRef = 76B970C6176F5BA200FC8535 /* AddEventViewController.m */; };
		76C22D7E173FCD3000AC7519 /* Kal.bundle in Resources */ = {isa = PBXBuildFile; fileRef = 76C22D66173FCD3000AC7519 /* Kal.bundle */; };
		76C22D7F173FCD3000AC7519 /* KalDate.m in Sources */ = {isa = PBXBuildFile; fileRef = 76C22D69173FCD3000AC7519 /* KalDate.m */; settings = {COMPILER_FLAGS = "-fno-objc-arc"; }; };
		76C22D80173FCD3000AC7519 /* KalLogic.m in Sources */ = {isa = PBXBuildFile; fileRef = 76C22D6B173FCD3000AC7519 /* KalLogic.m */; settings = {COMPILER_FLAGS = "-fno-objc-arc"; }; };
		76C22D81173FCD3000AC7519 /* NSDateAdditions.m in Sources */ = {isa = PBXBuildFile; fileRef = 76C22D6E173FCD3000AC7519 /* NSDateAdditions.m */; settings = {COMPILER_FLAGS = "-fno-objc-arc"; }; };
		76C22D82173FCD3000AC7519 /* KalGridView.m in Sources */ = {isa = PBXBuildFile; fileRef = 76C22D71173FCD3000AC7519 /* KalGridView.m */; settings = {COMPILER_FLAGS = "-fno-objc-arc"; }; };
		76C22D83173FCD3000AC7519 /* KalMonthView.m in Sources */ = {isa = PBXBuildFile; fileRef = 76C22D73173FCD3000AC7519 /* KalMonthView.m */; settings = {COMPILER_FLAGS = "-fno-objc-arc"; }; };
		76C22D84173FCD3000AC7519 /* KalTileView.m in Sources */ = {isa = PBXBuildFile; fileRef = 76C22D75173FCD3000AC7519 /* KalTileView.m */; settings = {COMPILER_FLAGS = "-fno-objc-arc"; }; };
		76C22D85173FCD3000AC7519 /* KalView.m in Sources */ = {isa = PBXBuildFile; fileRef = 76C22D77173FCD3000AC7519 /* KalView.m */; settings = {COMPILER_FLAGS = "-fno-objc-arc"; }; };
		76C22D86173FCD3000AC7519 /* KalWeekGridView.m in Sources */ = {isa = PBXBuildFile; fileRef = 76C22D79173FCD3000AC7519 /* KalWeekGridView.m */; settings = {COMPILER_FLAGS = "-fno-objc-arc"; }; };
		76C22D87173FCD3000AC7519 /* KalWeekView.m in Sources */ = {isa = PBXBuildFile; fileRef = 76C22D7B173FCD3000AC7519 /* KalWeekView.m */; settings = {COMPILER_FLAGS = "-fno-objc-arc"; }; };
		76C22D88173FCD3000AC7519 /* UIViewAdditions.m in Sources */ = {isa = PBXBuildFile; fileRef = 76C22D7D173FCD3000AC7519 /* UIViewAdditions.m */; settings = {COMPILER_FLAGS = "-fno-objc-arc"; }; };
		76C22D8A173FCD6700AC7519 /* QuartzCore.framework in Frameworks */ = {isa = PBXBuildFile; fileRef = 76C22D89173FCD6700AC7519 /* QuartzCore.framework */; };
		76D20BBA1766C51F00CCC21F /* navigationMenuCell.m in Sources */ = {isa = PBXBuildFile; fileRef = 76D20B9C1766C51F00CCC21F /* navigationMenuCell.m */; settings = {COMPILER_FLAGS = "-fno-objc-arc"; }; };
		76D20BBB1766C51F00CCC21F /* navigationMenuCell.xib in Resources */ = {isa = PBXBuildFile; fileRef = 76D20B9D1766C51F00CCC21F /* navigationMenuCell.xib */; };
		76D20BBC1766C51F00CCC21F /* navigationMenuCellBg.m in Sources */ = {isa = PBXBuildFile; fileRef = 76D20B9F1766C51F00CCC21F /* navigationMenuCellBg.m */; settings = {COMPILER_FLAGS = "-fno-objc-arc"; }; };
		76D20BBD1766C51F00CCC21F /* navigationMenuDataSource.m in Sources */ = {isa = PBXBuildFile; fileRef = 76D20BA11766C51F00CCC21F /* navigationMenuDataSource.m */; settings = {COMPILER_FLAGS = "-fno-objc-arc"; }; };
		76D20BBE1766C51F00CCC21F /* navigationNotifyCell.m in Sources */ = {isa = PBXBuildFile; fileRef = 76D20BA31766C51F00CCC21F /* navigationNotifyCell.m */; settings = {COMPILER_FLAGS = "-fno-objc-arc"; }; };
		76D20BBF1766C51F00CCC21F /* navigationNotifyCell.xib in Resources */ = {isa = PBXBuildFile; fileRef = 76D20BA41766C51F00CCC21F /* navigationNotifyCell.xib */; };
		76D20BC01766C51F00CCC21F /* navigationNotifyCellBg.m in Sources */ = {isa = PBXBuildFile; fileRef = 76D20BA61766C51F00CCC21F /* navigationNotifyCellBg.m */; settings = {COMPILER_FLAGS = "-fno-objc-arc"; }; };
		76D20BC11766C51F00CCC21F /* navigationNotifyDataSource.m in Sources */ = {isa = PBXBuildFile; fileRef = 76D20BA81766C51F00CCC21F /* navigationNotifyDataSource.m */; settings = {COMPILER_FLAGS = "-fno-objc-arc"; }; };
		76D20BC21766C51F00CCC21F /* navigationNotifySectionHeader.m in Sources */ = {isa = PBXBuildFile; fileRef = 76D20BAA1766C51F00CCC21F /* navigationNotifySectionHeader.m */; settings = {COMPILER_FLAGS = "-fno-objc-arc"; }; };
		76D20BC31766C51F00CCC21F /* navigationNotifySectionHeader.xib in Resources */ = {isa = PBXBuildFile; fileRef = 76D20BAB1766C51F00CCC21F /* navigationNotifySectionHeader.xib */; };
		76D20BC41766C51F00CCC21F /* manuHeadImage.jpg in Resources */ = {isa = PBXBuildFile; fileRef = 76D20BAD1766C51F00CCC21F /* manuHeadImage.jpg */; };
		76D20BC51766C51F00CCC21F /* manuNavCal.png in Resources */ = {isa = PBXBuildFile; fileRef = 76D20BAE1766C51F00CCC21F /* manuNavCal.png */; };
		76D20BC61766C51F00CCC21F /* manuNavQuestion.png in Resources */ = {isa = PBXBuildFile; fileRef = 76D20BAF1766C51F00CCC21F /* manuNavQuestion.png */; };
		76D20BC71766C51F00CCC21F /* manuNavSetting.png in Resources */ = {isa = PBXBuildFile; fileRef = 76D20BB01766C51F00CCC21F /* manuNavSetting.png */; };
		76DD62B31768AEF900C8F6AF /* AttributedLabel.m in Sources */ = {isa = PBXBuildFile; fileRef = 76DD62B21768AEF900C8F6AF /* AttributedLabel.m */; settings = {COMPILER_FLAGS = "-fno-objc-arc"; }; };
		76DFD0D61764AF7100B183B7 /* DDMenuController.m in Sources */ = {isa = PBXBuildFile; fileRef = 76DFD0D31764AF7100B183B7 /* DDMenuController.m */; };
		76DFD0D71764AF7100B183B7 /* menuNavigation.m in Sources */ = {isa = PBXBuildFile; fileRef = 76DFD0D51764AF7100B183B7 /* menuNavigation.m */; };
		9402B069174BB5D400E1C9FD /* Utils.m in Sources */ = {isa = PBXBuildFile; fileRef = 9402B068174BB5D400E1C9FD /* Utils.m */; };
		9402B06C174CFBBB00E1C9FD /* UserModel.m in Sources */ = {isa = PBXBuildFile; fileRef = 9402B06B174CFBBA00E1C9FD /* UserModel.m */; };
		9402B06F174D0B0F00E1C9FD /* UserProfile.m in Sources */ = {isa = PBXBuildFile; fileRef = 9402B06E174D0B0F00E1C9FD /* UserProfile.m */; };
		9402B0721750A02600E1C9FD /* Message.m in Sources */ = {isa = PBXBuildFile; fileRef = 9402B0711750A02600E1C9FD /* Message.m */; };
		9402B0751750A95E00E1C9FD /* Buddy.m in Sources */ = {isa = PBXBuildFile; fileRef = 9402B0741750A95D00E1C9FD /* Buddy.m */; };
		940EBBBE173E6C32001C3B44 /* bg_nav@2x.png in Resources */ = {isa = PBXBuildFile; fileRef = 940EBBBB173E6C32001C3B44 /* bg_nav@2x.png */; };
		940EBBBF173E6C32001C3B44 /* btn_add@2x.png in Resources */ = {isa = PBXBuildFile; fileRef = 940EBBBC173E6C32001C3B44 /* btn_add@2x.png */; };
		940EBBC0173E6C32001C3B44 /* btn_menu@2x.png in Resources */ = {isa = PBXBuildFile; fileRef = 940EBBBD173E6C32001C3B44 /* btn_menu@2x.png */; };
		940EBBC2173E6C70001C3B44 /* Navigation.xib in Resources */ = {isa = PBXBuildFile; fileRef = 940EBBC1173E6C70001C3B44 /* Navigation.xib */; };
		940EBBC5173E6CA5001C3B44 /* Navigation.m in Sources */ = {isa = PBXBuildFile; fileRef = 940EBBC4173E6CA5001C3B44 /* Navigation.m */; };
		940EBBC8173E71C0001C3B44 /* bg_section_header.png in Resources */ = {isa = PBXBuildFile; fileRef = 940EBBC6173E71C0001C3B44 /* bg_section_header.png */; };
		940EBBC9173E71C0001C3B44 /* dot.png in Resources */ = {isa = PBXBuildFile; fileRef = 940EBBC7173E71C0001C3B44 /* dot.png */; };
		940EBBD1173E7EC8001C3B44 /* attendees.png in Resources */ = {isa = PBXBuildFile; fileRef = 940EBBCD173E7EC8001C3B44 /* attendees.png */; };
		940EBBD2173E7EC8001C3B44 /* circle.png in Resources */ = {isa = PBXBuildFile; fileRef = 940EBBCE173E7EC8001C3B44 /* circle.png */; };
		940EBBD3173E7EC8001C3B44 /* circle2.png in Resources */ = {isa = PBXBuildFile; fileRef = 940EBBCF173E7EC8001C3B44 /* circle2.png */; };
		940EBBD4173E7EC8001C3B44 /* location.png in Resources */ = {isa = PBXBuildFile; fileRef = 940EBBD0173E7EC8001C3B44 /* location.png */; };
		940EBBD7173E8033001C3B44 /* header_mask.png in Resources */ = {isa = PBXBuildFile; fileRef = 940EBBD5173E8033001C3B44 /* header_mask.png */; };
		940EBBD8173E8033001C3B44 /* header.png in Resources */ = {isa = PBXBuildFile; fileRef = 940EBBD6173E8033001C3B44 /* header.png */; };
		943090211770932900266515 /* clock.png in Resources */ = {isa = PBXBuildFile; fileRef = 943090201770932900266515 /* clock.png */; };
		943090291770985000266515 /* colordot1.png in Resources */ = {isa = PBXBuildFile; fileRef = 943090231770985000266515 /* colordot1.png */; };
		9430902A1770985000266515 /* colordot2.png in Resources */ = {isa = PBXBuildFile; fileRef = 943090241770985000266515 /* colordot2.png */; };
		9430902B1770985000266515 /* colordot3.png in Resources */ = {isa = PBXBuildFile; fileRef = 943090251770985000266515 /* colordot3.png */; };
		9430902C1770985000266515 /* colordot4.png in Resources */ = {isa = PBXBuildFile; fileRef = 943090261770985000266515 /* colordot4.png */; };
		9430902D1770985000266515 /* colordot5.png in Resources */ = {isa = PBXBuildFile; fileRef = 943090271770985000266515 /* colordot5.png */; };
		9430902E1770985000266515 /* colordot6.png in Resources */ = {isa = PBXBuildFile; fileRef = 943090281770985000266515 /* colordot6.png */; };
		94F4A6A41765DA0F009F0094 /* LoginNowController.m in Sources */ = {isa = PBXBuildFile; fileRef = 94F4A6A21765DA0F009F0094 /* LoginNowController.m */; };
		94F4A6A51765DA0F009F0094 /* LoginNowController.xib in Resources */ = {isa = PBXBuildFile; fileRef = 94F4A6A31765DA0F009F0094 /* LoginNowController.xib */; };
/* End PBXBuildFile section */

/* Begin PBXFileReference section */
		3D046E1C1762C091008EE2DA /* btn_login_fb@2x.png */ = {isa = PBXFileReference; lastKnownFileType = image.png; path = "btn_login_fb@2x.png"; sourceTree = "<group>"; };
		3D046E1D1762C091008EE2DA /* btn_login_google@2x.png */ = {isa = PBXFileReference; lastKnownFileType = image.png; path = "btn_login_google@2x.png"; sourceTree = "<group>"; };
		3D046E1E1762C091008EE2DA /* btn_login@2x.png */ = {isa = PBXFileReference; lastKnownFileType = image.png; path = "btn_login@2x.png"; sourceTree = "<group>"; };
		3D046E1F1762C091008EE2DA /* login_background@2x.png */ = {isa = PBXFileReference; lastKnownFileType = image.png; path = "login_background@2x.png"; sourceTree = "<group>"; };
		3D046E241762C0D8008EE2DA /* LoginView.h */ = {isa = PBXFileReference; fileEncoding = 4; lastKnownFileType = sourcecode.c.h; path = LoginView.h; sourceTree = "<group>"; };
		3D046E251762C0D8008EE2DA /* LoginView.m */ = {isa = PBXFileReference; fileEncoding = 4; lastKnownFileType = sourcecode.c.objc; path = LoginView.m; sourceTree = "<group>"; };
		3D046E271762C0EB008EE2DA /* LoginView.xib */ = {isa = PBXFileReference; fileEncoding = 4; lastKnownFileType = file.xib; path = LoginView.xib; sourceTree = "<group>"; };
		3D046E2E1763022F008EE2DA /* SignupViewController.h */ = {isa = PBXFileReference; fileEncoding = 4; lastKnownFileType = sourcecode.c.h; path = SignupViewController.h; sourceTree = "<group>"; };
		3D046E2F1763022F008EE2DA /* SignupViewController.m */ = {isa = PBXFileReference; fileEncoding = 4; lastKnownFileType = sourcecode.c.objc; path = SignupViewController.m; sourceTree = "<group>"; };
		3D07E6C3176AEFB9000D3FBA /* SDWebImage.framework */ = {isa = PBXFileReference; lastKnownFileType = wrapper.framework; path = SDWebImage.framework; sourceTree = "<group>"; };
		3D6151A01734A391003D72B0 /* calender.app */ = {isa = PBXFileReference; explicitFileType = wrapper.application; includeInIndex = 0; path = calender.app; sourceTree = BUILT_PRODUCTS_DIR; };
		3D6151A31734A391003D72B0 /* UIKit.framework */ = {isa = PBXFileReference; lastKnownFileType = wrapper.framework; name = UIKit.framework; path = System/Library/Frameworks/UIKit.framework; sourceTree = SDKROOT; };
		3D6151A51734A391003D72B0 /* Foundation.framework */ = {isa = PBXFileReference; lastKnownFileType = wrapper.framework; name = Foundation.framework; path = System/Library/Frameworks/Foundation.framework; sourceTree = SDKROOT; };
		3D6151A71734A391003D72B0 /* CoreGraphics.framework */ = {isa = PBXFileReference; lastKnownFileType = wrapper.framework; name = CoreGraphics.framework; path = System/Library/Frameworks/CoreGraphics.framework; sourceTree = SDKROOT; };
		3D6151AB1734A391003D72B0 /* calender-Info.plist */ = {isa = PBXFileReference; lastKnownFileType = text.plist.xml; path = "calender-Info.plist"; sourceTree = "<group>"; };
		3D6151AD1734A391003D72B0 /* en */ = {isa = PBXFileReference; lastKnownFileType = text.plist.strings; name = en; path = en.lproj/InfoPlist.strings; sourceTree = "<group>"; };
		3D6151AF1734A391003D72B0 /* main.m */ = {isa = PBXFileReference; lastKnownFileType = sourcecode.c.objc; path = main.m; sourceTree = "<group>"; };
		3D6151B11734A391003D72B0 /* calender-Prefix.pch */ = {isa = PBXFileReference; lastKnownFileType = sourcecode.c.h; path = "calender-Prefix.pch"; sourceTree = "<group>"; };
		3D6151B21734A391003D72B0 /* AppDelegate.h */ = {isa = PBXFileReference; lastKnownFileType = sourcecode.c.h; path = AppDelegate.h; sourceTree = "<group>"; };
		3D6151B31734A391003D72B0 /* AppDelegate.m */ = {isa = PBXFileReference; lastKnownFileType = sourcecode.c.objc; path = AppDelegate.m; sourceTree = "<group>"; };
		3D6151B51734A391003D72B0 /* Default.png */ = {isa = PBXFileReference; lastKnownFileType = image.png; path = Default.png; sourceTree = "<group>"; };
		3D6151B71734A391003D72B0 /* Default@2x.png */ = {isa = PBXFileReference; lastKnownFileType = image.png; path = "Default@2x.png"; sourceTree = "<group>"; };
		3D6151B91734A391003D72B0 /* Default-568h@2x.png */ = {isa = PBXFileReference; lastKnownFileType = image.png; path = "Default-568h@2x.png"; sourceTree = "<group>"; };
		3D6151C81734A4C4003D72B0 /* User.h */ = {isa = PBXFileReference; fileEncoding = 4; lastKnownFileType = sourcecode.c.h; path = User.h; sourceTree = "<group>"; };
		3D6151C91734A4C4003D72B0 /* User.m */ = {isa = PBXFileReference; fileEncoding = 4; lastKnownFileType = sourcecode.c.objc; path = User.m; sourceTree = "<group>"; };
		3D6151CE1734AF2A003D72B0 /* Location.h */ = {isa = PBXFileReference; fileEncoding = 4; lastKnownFileType = sourcecode.c.h; path = Location.h; sourceTree = "<group>"; };
		3D6151CF1734AF2A003D72B0 /* Location.m */ = {isa = PBXFileReference; fileEncoding = 4; lastKnownFileType = sourcecode.c.objc; path = Location.m; sourceTree = "<group>"; };
		3D6151D11734B1AB003D72B0 /* Event.h */ = {isa = PBXFileReference; fileEncoding = 4; lastKnownFileType = sourcecode.c.h; path = Event.h; sourceTree = "<group>"; };
		3D6151D21734B1AB003D72B0 /* Event.m */ = {isa = PBXFileReference; fileEncoding = 4; lastKnownFileType = sourcecode.c.objc; path = Event.m; sourceTree = "<group>"; };
		3D9AD89B1740B4AE0017B69E /* Default-568h@2x.png */ = {isa = PBXFileReference; lastKnownFileType = image.png; path = "Default-568h@2x.png"; sourceTree = "<group>"; };
		3DB97802174A1187005B462E /* Model.h */ = {isa = PBXFileReference; fileEncoding = 4; lastKnownFileType = sourcecode.c.h; path = Model.h; sourceTree = "<group>"; };
		3DB97803174A1187005B462E /* Model.m */ = {isa = PBXFileReference; fileEncoding = 4; lastKnownFileType = sourcecode.c.objc; path = Model.m; sourceTree = "<group>"; };
		3DB97805174A1424005B462E /* EventView.h */ = {isa = PBXFileReference; fileEncoding = 4; lastKnownFileType = sourcecode.c.h; path = EventView.h; sourceTree = "<group>"; };
		3DB97806174A1424005B462E /* EventView.m */ = {isa = PBXFileReference; fileEncoding = 4; lastKnownFileType = sourcecode.c.objc; path = EventView.m; sourceTree = "<group>"; };
		3DB97807174A1424005B462E /* EventView.xib */ = {isa = PBXFileReference; fileEncoding = 4; lastKnownFileType = file.xib; path = EventView.xib; sourceTree = "<group>"; };
		3DB9780C174A2832005B462E /* FeedViewController.h */ = {isa = PBXFileReference; fileEncoding = 4; lastKnownFileType = sourcecode.c.h; path = FeedViewController.h; sourceTree = "<group>"; };
		3DB9780D174A2832005B462E /* FeedViewController.m */ = {isa = PBXFileReference; fileEncoding = 4; lastKnownFileType = sourcecode.c.objc; path = FeedViewController.m; sourceTree = "<group>"; };
		3DE06C8C174083F40071B8EE /* CalendarIntegrationView.xib */ = {isa = PBXFileReference; fileEncoding = 4; lastKnownFileType = file.xib; path = CalendarIntegrationView.xib; sourceTree = "<group>"; };
		3DE06C8E174086310071B8EE /* bg_line1@2x.png */ = {isa = PBXFileReference; lastKnownFileType = image.png; path = "bg_line1@2x.png"; sourceTree = "<group>"; };
		3DE06C8F174086310071B8EE /* btn_ok@2x.png */ = {isa = PBXFileReference; lastKnownFileType = image.png; path = "btn_ok@2x.png"; sourceTree = "<group>"; };
		3DE06C9217408A4D0071B8EE /* bg_line2@2x.png */ = {isa = PBXFileReference; lastKnownFileType = image.png; path = "bg_line2@2x.png"; sourceTree = "<group>"; };
		3DE06C9417408C710071B8EE /* CalendarIntegrationView.h */ = {isa = PBXFileReference; fileEncoding = 4; lastKnownFileType = sourcecode.c.h; path = CalendarIntegrationView.h; sourceTree = "<group>"; };
		3DE06C9517408C710071B8EE /* CalendarIntegrationView.m */ = {isa = PBXFileReference; fileEncoding = 4; lastKnownFileType = sourcecode.c.objc; path = CalendarIntegrationView.m; sourceTree = "<group>"; };
		761F0D1A1754E031009650F4 /* GPlaceApi.h */ = {isa = PBXFileReference; fileEncoding = 4; lastKnownFileType = sourcecode.c.h; path = GPlaceApi.h; sourceTree = "<group>"; };
		761F0D1B1754E031009650F4 /* GPlaceApi.m */ = {isa = PBXFileReference; fileEncoding = 4; lastKnownFileType = sourcecode.c.objc; path = GPlaceApi.m; sourceTree = "<group>"; };
		761F0D1E1754E8E6009650F4 /* GPlaceDataSource.h */ = {isa = PBXFileReference; fileEncoding = 4; lastKnownFileType = sourcecode.c.h; path = GPlaceDataSource.h; sourceTree = "<group>"; };
		761F0D1F1754E8E6009650F4 /* GPlaceDataSource.m */ = {isa = PBXFileReference; fileEncoding = 4; lastKnownFileType = sourcecode.c.objc; path = GPlaceDataSource.m; sourceTree = "<group>"; };
		761F0D21175509C2009650F4 /* googleAPIKey.h */ = {isa = PBXFileReference; fileEncoding = 4; lastKnownFileType = sourcecode.c.h; path = googleAPIKey.h; sourceTree = "<group>"; };
		7644047A1751F8E300B11BDE /* RootNavContrller.h */ = {isa = PBXFileReference; fileEncoding = 4; lastKnownFileType = sourcecode.c.h; path = RootNavContrller.h; sourceTree = "<group>"; };
		7644047B1751F8E300B11BDE /* RootNavContrller.m */ = {isa = PBXFileReference; fileEncoding = 4; lastKnownFileType = sourcecode.c.objc; path = RootNavContrller.m; sourceTree = "<group>"; };
		764404AF17523B3700B11BDE /* GoogleMaps.framework */ = {isa = PBXFileReference; lastKnownFileType = wrapper.framework; name = GoogleMaps.framework; path = calender/GoogleMaps.framework; sourceTree = "<group>"; };
		764404B117523B8600B11BDE /* AVFoundation.framework */ = {isa = PBXFileReference; lastKnownFileType = wrapper.framework; name = AVFoundation.framework; path = System/Library/Frameworks/AVFoundation.framework; sourceTree = SDKROOT; };
		764404B317523B9300B11BDE /* CoreData.framework */ = {isa = PBXFileReference; lastKnownFileType = wrapper.framework; name = CoreData.framework; path = System/Library/Frameworks/CoreData.framework; sourceTree = SDKROOT; };
		764404B517523BA100B11BDE /* CoreLocation.framework */ = {isa = PBXFileReference; lastKnownFileType = wrapper.framework; name = CoreLocation.framework; path = System/Library/Frameworks/CoreLocation.framework; sourceTree = SDKROOT; };
		764404B717523BB000B11BDE /* CoreText.framework */ = {isa = PBXFileReference; lastKnownFileType = wrapper.framework; name = CoreText.framework; path = System/Library/Frameworks/CoreText.framework; sourceTree = SDKROOT; };
		764404B917523BB900B11BDE /* GLKit.framework */ = {isa = PBXFileReference; lastKnownFileType = wrapper.framework; name = GLKit.framework; path = System/Library/Frameworks/GLKit.framework; sourceTree = SDKROOT; };
		764404BB17523BF500B11BDE /* GoogleMaps.bundle */ = {isa = PBXFileReference; lastKnownFileType = "wrapper.plug-in"; name = GoogleMaps.bundle; path = calender/GoogleMaps.framework/Versions/A/Resources/GoogleMaps.bundle; sourceTree = "<group>"; };
		764404BD17523C2700B11BDE /* ImageIO.framework */ = {isa = PBXFileReference; lastKnownFileType = wrapper.framework; name = ImageIO.framework; path = System/Library/Frameworks/ImageIO.framework; sourceTree = SDKROOT; };
		764404BF17523C4300B11BDE /* libc++.dylib */ = {isa = PBXFileReference; lastKnownFileType = "compiled.mach-o.dylib"; name = "libc++.dylib"; path = "usr/lib/libc++.dylib"; sourceTree = SDKROOT; };
		764404C117523C4C00B11BDE /* libz.dylib */ = {isa = PBXFileReference; lastKnownFileType = "compiled.mach-o.dylib"; name = libz.dylib; path = usr/lib/libz.dylib; sourceTree = SDKROOT; };
		764404C317523C5700B11BDE /* libicucore.dylib */ = {isa = PBXFileReference; lastKnownFileType = "compiled.mach-o.dylib"; name = libicucore.dylib; path = usr/lib/libicucore.dylib; sourceTree = SDKROOT; };
		764404C517523C6200B11BDE /* OpenGLES.framework */ = {isa = PBXFileReference; lastKnownFileType = wrapper.framework; name = OpenGLES.framework; path = System/Library/Frameworks/OpenGLES.framework; sourceTree = SDKROOT; };
		764404C717523C6E00B11BDE /* SystemConfiguration.framework */ = {isa = PBXFileReference; lastKnownFileType = wrapper.framework; name = SystemConfiguration.framework; path = System/Library/Frameworks/SystemConfiguration.framework; sourceTree = SDKROOT; };
		7672D168177091520053D024 /* AddLocationViewController.h */ = {isa = PBXFileReference; lastKnownFileType = sourcecode.c.h; path = AddLocationViewController.h; sourceTree = "<group>"; };
		7672D169177091520053D024 /* AddLocationViewController.m */ = {isa = PBXFileReference; lastKnownFileType = sourcecode.c.objc; path = AddLocationViewController.m; sourceTree = "<group>"; };
		7672D16A177091520053D024 /* AddLocationViewController.xib */ = {isa = PBXFileReference; lastKnownFileType = file.xib; path = AddLocationViewController.xib; sourceTree = "<group>"; };
		76B970C5176F5BA200FC8535 /* AddEventViewController.h */ = {isa = PBXFileReference; lastKnownFileType = sourcecode.c.h; path = AddEventViewController.h; sourceTree = "<group>"; };
		76B970C6176F5BA200FC8535 /* AddEventViewController.m */ = {isa = PBXFileReference; lastKnownFileType = sourcecode.c.objc; path = AddEventViewController.m; sourceTree = "<group>"; };
		76B970C7176F5BA200FC8535 /* AddEventViewController.xib */ = {isa = PBXFileReference; lastKnownFileType = file.xib; path = AddEventViewController.xib; sourceTree = "<group>"; };
		76C22D66173FCD3000AC7519 /* Kal.bundle */ = {isa = PBXFileReference; lastKnownFileType = "wrapper.plug-in"; path = Kal.bundle; sourceTree = "<group>"; };
		76C22D68173FCD3000AC7519 /* KalDate.h */ = {isa = PBXFileReference; fileEncoding = 4; lastKnownFileType = sourcecode.c.h; path = KalDate.h; sourceTree = "<group>"; };
		76C22D69173FCD3000AC7519 /* KalDate.m */ = {isa = PBXFileReference; fileEncoding = 4; lastKnownFileType = sourcecode.c.objc; path = KalDate.m; sourceTree = "<group>"; };
		76C22D6A173FCD3000AC7519 /* KalLogic.h */ = {isa = PBXFileReference; fileEncoding = 4; lastKnownFileType = sourcecode.c.h; path = KalLogic.h; sourceTree = "<group>"; };
		76C22D6B173FCD3000AC7519 /* KalLogic.m */ = {isa = PBXFileReference; fileEncoding = 4; lastKnownFileType = sourcecode.c.objc; path = KalLogic.m; sourceTree = "<group>"; };
		76C22D6C173FCD3000AC7519 /* KalPrivate.h */ = {isa = PBXFileReference; fileEncoding = 4; lastKnownFileType = sourcecode.c.h; path = KalPrivate.h; sourceTree = "<group>"; };
		76C22D6D173FCD3000AC7519 /* NSDateAdditions.h */ = {isa = PBXFileReference; fileEncoding = 4; lastKnownFileType = sourcecode.c.h; path = NSDateAdditions.h; sourceTree = "<group>"; };
		76C22D6E173FCD3000AC7519 /* NSDateAdditions.m */ = {isa = PBXFileReference; fileEncoding = 4; lastKnownFileType = sourcecode.c.objc; path = NSDateAdditions.m; sourceTree = "<group>"; };
		76C22D70173FCD3000AC7519 /* KalGridView.h */ = {isa = PBXFileReference; fileEncoding = 4; lastKnownFileType = sourcecode.c.h; path = KalGridView.h; sourceTree = "<group>"; };
		76C22D71173FCD3000AC7519 /* KalGridView.m */ = {isa = PBXFileReference; fileEncoding = 4; lastKnownFileType = sourcecode.c.objc; path = KalGridView.m; sourceTree = "<group>"; };
		76C22D72173FCD3000AC7519 /* KalMonthView.h */ = {isa = PBXFileReference; fileEncoding = 4; lastKnownFileType = sourcecode.c.h; path = KalMonthView.h; sourceTree = "<group>"; };
		76C22D73173FCD3000AC7519 /* KalMonthView.m */ = {isa = PBXFileReference; fileEncoding = 4; lastKnownFileType = sourcecode.c.objc; path = KalMonthView.m; sourceTree = "<group>"; };
		76C22D74173FCD3000AC7519 /* KalTileView.h */ = {isa = PBXFileReference; fileEncoding = 4; lastKnownFileType = sourcecode.c.h; path = KalTileView.h; sourceTree = "<group>"; };
		76C22D75173FCD3000AC7519 /* KalTileView.m */ = {isa = PBXFileReference; fileEncoding = 4; lastKnownFileType = sourcecode.c.objc; path = KalTileView.m; sourceTree = "<group>"; };
		76C22D76173FCD3000AC7519 /* KalView.h */ = {isa = PBXFileReference; fileEncoding = 4; lastKnownFileType = sourcecode.c.h; path = KalView.h; sourceTree = "<group>"; };
		76C22D77173FCD3000AC7519 /* KalView.m */ = {isa = PBXFileReference; fileEncoding = 4; lastKnownFileType = sourcecode.c.objc; path = KalView.m; sourceTree = "<group>"; };
		76C22D78173FCD3000AC7519 /* KalWeekGridView.h */ = {isa = PBXFileReference; fileEncoding = 4; lastKnownFileType = sourcecode.c.h; path = KalWeekGridView.h; sourceTree = "<group>"; };
		76C22D79173FCD3000AC7519 /* KalWeekGridView.m */ = {isa = PBXFileReference; fileEncoding = 4; lastKnownFileType = sourcecode.c.objc; path = KalWeekGridView.m; sourceTree = "<group>"; };
		76C22D7A173FCD3000AC7519 /* KalWeekView.h */ = {isa = PBXFileReference; fileEncoding = 4; lastKnownFileType = sourcecode.c.h; path = KalWeekView.h; sourceTree = "<group>"; };
		76C22D7B173FCD3000AC7519 /* KalWeekView.m */ = {isa = PBXFileReference; fileEncoding = 4; lastKnownFileType = sourcecode.c.objc; path = KalWeekView.m; sourceTree = "<group>"; };
		76C22D7C173FCD3000AC7519 /* UIViewAdditions.h */ = {isa = PBXFileReference; fileEncoding = 4; lastKnownFileType = sourcecode.c.h; path = UIViewAdditions.h; sourceTree = "<group>"; };
		76C22D7D173FCD3000AC7519 /* UIViewAdditions.m */ = {isa = PBXFileReference; fileEncoding = 4; lastKnownFileType = sourcecode.c.objc; path = UIViewAdditions.m; sourceTree = "<group>"; };
		76C22D89173FCD6700AC7519 /* QuartzCore.framework */ = {isa = PBXFileReference; lastKnownFileType = wrapper.framework; name = QuartzCore.framework; path = System/Library/Frameworks/QuartzCore.framework; sourceTree = SDKROOT; };
		76D20B9B1766C51F00CCC21F /* navigationMenuCell.h */ = {isa = PBXFileReference; fileEncoding = 4; lastKnownFileType = sourcecode.c.h; path = navigationMenuCell.h; sourceTree = "<group>"; };
		76D20B9C1766C51F00CCC21F /* navigationMenuCell.m */ = {isa = PBXFileReference; fileEncoding = 4; lastKnownFileType = sourcecode.c.objc; path = navigationMenuCell.m; sourceTree = "<group>"; };
		76D20B9D1766C51F00CCC21F /* navigationMenuCell.xib */ = {isa = PBXFileReference; fileEncoding = 4; lastKnownFileType = file.xib; path = navigationMenuCell.xib; sourceTree = "<group>"; };
		76D20B9E1766C51F00CCC21F /* navigationMenuCellBg.h */ = {isa = PBXFileReference; fileEncoding = 4; lastKnownFileType = sourcecode.c.h; path = navigationMenuCellBg.h; sourceTree = "<group>"; };
		76D20B9F1766C51F00CCC21F /* navigationMenuCellBg.m */ = {isa = PBXFileReference; fileEncoding = 4; lastKnownFileType = sourcecode.c.objc; path = navigationMenuCellBg.m; sourceTree = "<group>"; };
		76D20BA01766C51F00CCC21F /* navigationMenuDataSource.h */ = {isa = PBXFileReference; fileEncoding = 4; lastKnownFileType = sourcecode.c.h; path = navigationMenuDataSource.h; sourceTree = "<group>"; };
		76D20BA11766C51F00CCC21F /* navigationMenuDataSource.m */ = {isa = PBXFileReference; fileEncoding = 4; lastKnownFileType = sourcecode.c.objc; path = navigationMenuDataSource.m; sourceTree = "<group>"; };
		76D20BA21766C51F00CCC21F /* navigationNotifyCell.h */ = {isa = PBXFileReference; fileEncoding = 4; lastKnownFileType = sourcecode.c.h; path = navigationNotifyCell.h; sourceTree = "<group>"; };
		76D20BA31766C51F00CCC21F /* navigationNotifyCell.m */ = {isa = PBXFileReference; fileEncoding = 4; lastKnownFileType = sourcecode.c.objc; path = navigationNotifyCell.m; sourceTree = "<group>"; };
		76D20BA41766C51F00CCC21F /* navigationNotifyCell.xib */ = {isa = PBXFileReference; fileEncoding = 4; lastKnownFileType = file.xib; path = navigationNotifyCell.xib; sourceTree = "<group>"; };
		76D20BA51766C51F00CCC21F /* navigationNotifyCellBg.h */ = {isa = PBXFileReference; fileEncoding = 4; lastKnownFileType = sourcecode.c.h; path = navigationNotifyCellBg.h; sourceTree = "<group>"; };
		76D20BA61766C51F00CCC21F /* navigationNotifyCellBg.m */ = {isa = PBXFileReference; fileEncoding = 4; lastKnownFileType = sourcecode.c.objc; path = navigationNotifyCellBg.m; sourceTree = "<group>"; };
		76D20BA71766C51F00CCC21F /* navigationNotifyDataSource.h */ = {isa = PBXFileReference; fileEncoding = 4; lastKnownFileType = sourcecode.c.h; path = navigationNotifyDataSource.h; sourceTree = "<group>"; };
		76D20BA81766C51F00CCC21F /* navigationNotifyDataSource.m */ = {isa = PBXFileReference; fileEncoding = 4; lastKnownFileType = sourcecode.c.objc; path = navigationNotifyDataSource.m; sourceTree = "<group>"; };
		76D20BA91766C51F00CCC21F /* navigationNotifySectionHeader.h */ = {isa = PBXFileReference; fileEncoding = 4; lastKnownFileType = sourcecode.c.h; path = navigationNotifySectionHeader.h; sourceTree = "<group>"; };
		76D20BAA1766C51F00CCC21F /* navigationNotifySectionHeader.m */ = {isa = PBXFileReference; fileEncoding = 4; lastKnownFileType = sourcecode.c.objc; path = navigationNotifySectionHeader.m; sourceTree = "<group>"; };
		76D20BAB1766C51F00CCC21F /* navigationNotifySectionHeader.xib */ = {isa = PBXFileReference; fileEncoding = 4; lastKnownFileType = file.xib; path = navigationNotifySectionHeader.xib; sourceTree = "<group>"; };
		76D20BAD1766C51F00CCC21F /* manuHeadImage.jpg */ = {isa = PBXFileReference; lastKnownFileType = image.jpeg; path = manuHeadImage.jpg; sourceTree = "<group>"; };
		76D20BAE1766C51F00CCC21F /* manuNavCal.png */ = {isa = PBXFileReference; lastKnownFileType = image.png; path = manuNavCal.png; sourceTree = "<group>"; };
		76D20BAF1766C51F00CCC21F /* manuNavQuestion.png */ = {isa = PBXFileReference; lastKnownFileType = image.png; path = manuNavQuestion.png; sourceTree = "<group>"; };
		76D20BB01766C51F00CCC21F /* manuNavSetting.png */ = {isa = PBXFileReference; lastKnownFileType = image.png; path = manuNavSetting.png; sourceTree = "<group>"; };
		76DD62B11768AEF900C8F6AF /* AttributedLabel.h */ = {isa = PBXFileReference; fileEncoding = 4; lastKnownFileType = sourcecode.c.h; path = AttributedLabel.h; sourceTree = "<group>"; };
		76DD62B21768AEF900C8F6AF /* AttributedLabel.m */ = {isa = PBXFileReference; fileEncoding = 4; lastKnownFileType = sourcecode.c.objc; path = AttributedLabel.m; sourceTree = "<group>"; };
		76DFD0D21764AF7100B183B7 /* DDMenuController.h */ = {isa = PBXFileReference; fileEncoding = 4; lastKnownFileType = sourcecode.c.h; path = DDMenuController.h; sourceTree = "<group>"; };
		76DFD0D31764AF7100B183B7 /* DDMenuController.m */ = {isa = PBXFileReference; fileEncoding = 4; lastKnownFileType = sourcecode.c.objc; path = DDMenuController.m; sourceTree = "<group>"; };
		76DFD0D41764AF7100B183B7 /* menuNavigation.h */ = {isa = PBXFileReference; fileEncoding = 4; lastKnownFileType = sourcecode.c.h; path = menuNavigation.h; sourceTree = "<group>"; };
		76DFD0D51764AF7100B183B7 /* menuNavigation.m */ = {isa = PBXFileReference; fileEncoding = 4; lastKnownFileType = sourcecode.c.objc; path = menuNavigation.m; sourceTree = "<group>"; };
		9402B067174BB5D400E1C9FD /* Utils.h */ = {isa = PBXFileReference; fileEncoding = 4; lastKnownFileType = sourcecode.c.h; path = Utils.h; sourceTree = "<group>"; };
		9402B068174BB5D400E1C9FD /* Utils.m */ = {isa = PBXFileReference; fileEncoding = 4; lastKnownFileType = sourcecode.c.objc; path = Utils.m; sourceTree = "<group>"; };
		9402B06A174CFBBA00E1C9FD /* UserModel.h */ = {isa = PBXFileReference; fileEncoding = 4; lastKnownFileType = sourcecode.c.h; path = UserModel.h; sourceTree = "<group>"; };
		9402B06B174CFBBA00E1C9FD /* UserModel.m */ = {isa = PBXFileReference; fileEncoding = 4; lastKnownFileType = sourcecode.c.objc; path = UserModel.m; sourceTree = "<group>"; };
		9402B06D174D0B0F00E1C9FD /* UserProfile.h */ = {isa = PBXFileReference; fileEncoding = 4; lastKnownFileType = sourcecode.c.h; path = UserProfile.h; sourceTree = "<group>"; };
		9402B06E174D0B0F00E1C9FD /* UserProfile.m */ = {isa = PBXFileReference; fileEncoding = 4; lastKnownFileType = sourcecode.c.objc; path = UserProfile.m; sourceTree = "<group>"; };
		9402B0701750A02500E1C9FD /* Message.h */ = {isa = PBXFileReference; fileEncoding = 4; lastKnownFileType = sourcecode.c.h; path = Message.h; sourceTree = "<group>"; };
		9402B0711750A02600E1C9FD /* Message.m */ = {isa = PBXFileReference; fileEncoding = 4; lastKnownFileType = sourcecode.c.objc; path = Message.m; sourceTree = "<group>"; };
		9402B0731750A95D00E1C9FD /* Buddy.h */ = {isa = PBXFileReference; fileEncoding = 4; lastKnownFileType = sourcecode.c.h; path = Buddy.h; sourceTree = "<group>"; };
		9402B0741750A95D00E1C9FD /* Buddy.m */ = {isa = PBXFileReference; fileEncoding = 4; lastKnownFileType = sourcecode.c.objc; path = Buddy.m; sourceTree = "<group>"; };
		940EBBBB173E6C32001C3B44 /* bg_nav@2x.png */ = {isa = PBXFileReference; lastKnownFileType = image.png; path = "bg_nav@2x.png"; sourceTree = "<group>"; };
		940EBBBC173E6C32001C3B44 /* btn_add@2x.png */ = {isa = PBXFileReference; lastKnownFileType = image.png; path = "btn_add@2x.png"; sourceTree = "<group>"; };
		940EBBBD173E6C32001C3B44 /* btn_menu@2x.png */ = {isa = PBXFileReference; lastKnownFileType = image.png; path = "btn_menu@2x.png"; sourceTree = "<group>"; };
		940EBBC1173E6C70001C3B44 /* Navigation.xib */ = {isa = PBXFileReference; fileEncoding = 4; lastKnownFileType = file.xib; path = Navigation.xib; sourceTree = "<group>"; };
		940EBBC3173E6CA5001C3B44 /* Navigation.h */ = {isa = PBXFileReference; fileEncoding = 4; lastKnownFileType = sourcecode.c.h; path = Navigation.h; sourceTree = "<group>"; };
		940EBBC4173E6CA5001C3B44 /* Navigation.m */ = {isa = PBXFileReference; fileEncoding = 4; lastKnownFileType = sourcecode.c.objc; path = Navigation.m; sourceTree = "<group>"; };
		940EBBC6173E71C0001C3B44 /* bg_section_header.png */ = {isa = PBXFileReference; lastKnownFileType = image.png; path = bg_section_header.png; sourceTree = "<group>"; };
		940EBBC7173E71C0001C3B44 /* dot.png */ = {isa = PBXFileReference; lastKnownFileType = image.png; path = dot.png; sourceTree = "<group>"; };
		940EBBCD173E7EC8001C3B44 /* attendees.png */ = {isa = PBXFileReference; lastKnownFileType = image.png; path = attendees.png; sourceTree = "<group>"; };
		940EBBCE173E7EC8001C3B44 /* circle.png */ = {isa = PBXFileReference; lastKnownFileType = image.png; path = circle.png; sourceTree = "<group>"; };
		940EBBCF173E7EC8001C3B44 /* circle2.png */ = {isa = PBXFileReference; lastKnownFileType = image.png; path = circle2.png; sourceTree = "<group>"; };
		940EBBD0173E7EC8001C3B44 /* location.png */ = {isa = PBXFileReference; lastKnownFileType = image.png; path = location.png; sourceTree = "<group>"; };
		940EBBD5173E8033001C3B44 /* header_mask.png */ = {isa = PBXFileReference; lastKnownFileType = image.png; path = header_mask.png; sourceTree = "<group>"; };
		940EBBD6173E8033001C3B44 /* header.png */ = {isa = PBXFileReference; lastKnownFileType = image.png; path = header.png; sourceTree = "<group>"; };
		943090201770932900266515 /* clock.png */ = {isa = PBXFileReference; lastKnownFileType = image.png; path = clock.png; sourceTree = "<group>"; };
		943090231770985000266515 /* colordot1.png */ = {isa = PBXFileReference; lastKnownFileType = image.png; path = colordot1.png; sourceTree = "<group>"; };
		943090241770985000266515 /* colordot2.png */ = {isa = PBXFileReference; lastKnownFileType = image.png; path = colordot2.png; sourceTree = "<group>"; };
		943090251770985000266515 /* colordot3.png */ = {isa = PBXFileReference; lastKnownFileType = image.png; path = colordot3.png; sourceTree = "<group>"; };
		943090261770985000266515 /* colordot4.png */ = {isa = PBXFileReference; lastKnownFileType = image.png; path = colordot4.png; sourceTree = "<group>"; };
		943090271770985000266515 /* colordot5.png */ = {isa = PBXFileReference; lastKnownFileType = image.png; path = colordot5.png; sourceTree = "<group>"; };
		943090281770985000266515 /* colordot6.png */ = {isa = PBXFileReference; lastKnownFileType = image.png; path = colordot6.png; sourceTree = "<group>"; };
		94F4A6A11765DA0F009F0094 /* LoginNowController.h */ = {isa = PBXFileReference; fileEncoding = 4; lastKnownFileType = sourcecode.c.h; path = LoginNowController.h; sourceTree = "<group>"; };
		94F4A6A21765DA0F009F0094 /* LoginNowController.m */ = {isa = PBXFileReference; fileEncoding = 4; lastKnownFileType = sourcecode.c.objc; path = LoginNowController.m; sourceTree = "<group>"; };
		94F4A6A31765DA0F009F0094 /* LoginNowController.xib */ = {isa = PBXFileReference; fileEncoding = 4; lastKnownFileType = file.xib; path = LoginNowController.xib; sourceTree = "<group>"; };
/* End PBXFileReference section */

/* Begin PBXFrameworksBuildPhase section */
		3D61519D1734A391003D72B0 /* Frameworks */ = {
			isa = PBXFrameworksBuildPhase;
			buildActionMask = 2147483647;
			files = (
				764404B617523BA100B11BDE /* CoreLocation.framework in Frameworks */,
				764404C817523C6E00B11BDE /* SystemConfiguration.framework in Frameworks */,
				764404C617523C6200B11BDE /* OpenGLES.framework in Frameworks */,
				764404C417523C5700B11BDE /* libicucore.dylib in Frameworks */,
				764404C217523C4C00B11BDE /* libz.dylib in Frameworks */,
				764404C017523C4300B11BDE /* libc++.dylib in Frameworks */,
				764404BE17523C2700B11BDE /* ImageIO.framework in Frameworks */,
				764404BA17523BB900B11BDE /* GLKit.framework in Frameworks */,
				764404B817523BB100B11BDE /* CoreText.framework in Frameworks */,
				764404B417523B9300B11BDE /* CoreData.framework in Frameworks */,
				764404B217523B8600B11BDE /* AVFoundation.framework in Frameworks */,
				76C22D8A173FCD6700AC7519 /* QuartzCore.framework in Frameworks */,
				3D6151A41734A391003D72B0 /* UIKit.framework in Frameworks */,
				3D6151A61734A391003D72B0 /* Foundation.framework in Frameworks */,
				3D6151A81734A391003D72B0 /* CoreGraphics.framework in Frameworks */,
				764404B017523B3700B11BDE /* GoogleMaps.framework in Frameworks */,
				3D07E6C4176AEFB9000D3FBA /* SDWebImage.framework in Frameworks */,
			);
			runOnlyForDeploymentPostprocessing = 0;
		};
/* End PBXFrameworksBuildPhase section */

/* Begin PBXGroup section */
		3D6151971734A391003D72B0 = {
			isa = PBXGroup;
			children = (
				76DFD0D11764AF7100B183B7 /* Navigation */,
				76B970C4176F5BA200FC8535 /* Events */,
				76DD62B01768AEF900C8F6AF /* Utils */,
				761F0D191754E002009650F4 /* googlePlaceApi */,
				3D9AD89B1740B4AE0017B69E /* Default-568h@2x.png */,
				3D6151A91734A391003D72B0 /* calender */,
				3D6151A21734A391003D72B0 /* Frameworks */,
				3D6151A11734A391003D72B0 /* Products */,
			);
			sourceTree = "<group>";
		};
		3D6151A11734A391003D72B0 /* Products */ = {
			isa = PBXGroup;
			children = (
				3D6151A01734A391003D72B0 /* calender.app */,
			);
			name = Products;
			sourceTree = "<group>";
		};
		3D6151A21734A391003D72B0 /* Frameworks */ = {
			isa = PBXGroup;
			children = (
				3D07E6C3176AEFB9000D3FBA /* SDWebImage.framework */,
				764404C317523C5700B11BDE /* libicucore.dylib */,
				764404C117523C4C00B11BDE /* libz.dylib */,
				764404BF17523C4300B11BDE /* libc++.dylib */,
				764404C717523C6E00B11BDE /* SystemConfiguration.framework */,
				764404C517523C6200B11BDE /* OpenGLES.framework */,
				764404BD17523C2700B11BDE /* ImageIO.framework */,
				764404B917523BB900B11BDE /* GLKit.framework */,
				764404B717523BB000B11BDE /* CoreText.framework */,
				764404B517523BA100B11BDE /* CoreLocation.framework */,
				764404B317523B9300B11BDE /* CoreData.framework */,
				764404B117523B8600B11BDE /* AVFoundation.framework */,
				764404BB17523BF500B11BDE /* GoogleMaps.bundle */,
				764404AF17523B3700B11BDE /* GoogleMaps.framework */,
				76C22D89173FCD6700AC7519 /* QuartzCore.framework */,
				3D6151A31734A391003D72B0 /* UIKit.framework */,
				3D6151A51734A391003D72B0 /* Foundation.framework */,
				3D6151A71734A391003D72B0 /* CoreGraphics.framework */,
			);
			name = Frameworks;
			sourceTree = "<group>";
		};
		3D6151A91734A391003D72B0 /* calender */ = {
			isa = PBXGroup;
			children = (
				3DB9780B174A2814005B462E /* controller */,
				76C22D65173FCD2F00AC7519 /* CalWiget */,
				940EBBBA173E6BEB001C3B44 /* images */,
				3D6151C61734A495003D72B0 /* model */,
				3D6151C71734A495003D72B0 /* views */,
				3D6151B21734A391003D72B0 /* AppDelegate.h */,
				3D6151B31734A391003D72B0 /* AppDelegate.m */,
				3D6151AA1734A391003D72B0 /* Supporting Files */,
			);
			path = calender;
			sourceTree = "<group>";
		};
		3D6151AA1734A391003D72B0 /* Supporting Files */ = {
			isa = PBXGroup;
			children = (
				3D6151AB1734A391003D72B0 /* calender-Info.plist */,
				3D6151AC1734A391003D72B0 /* InfoPlist.strings */,
				3D6151AF1734A391003D72B0 /* main.m */,
				3D6151B11734A391003D72B0 /* calender-Prefix.pch */,
				3D6151B51734A391003D72B0 /* Default.png */,
				3D6151B71734A391003D72B0 /* Default@2x.png */,
				3D6151B91734A391003D72B0 /* Default-568h@2x.png */,
			);
			name = "Supporting Files";
			sourceTree = "<group>";
		};
		3D6151C61734A495003D72B0 /* model */ = {
			isa = PBXGroup;
			children = (
				9402B067174BB5D400E1C9FD /* Utils.h */,
				9402B068174BB5D400E1C9FD /* Utils.m */,
				3D6151C81734A4C4003D72B0 /* User.h */,
				3D6151C91734A4C4003D72B0 /* User.m */,
				3D6151CE1734AF2A003D72B0 /* Location.h */,
				3D6151CF1734AF2A003D72B0 /* Location.m */,
				3D6151D11734B1AB003D72B0 /* Event.h */,
				3D6151D21734B1AB003D72B0 /* Event.m */,
				3DB97802174A1187005B462E /* Model.h */,
				3DB97803174A1187005B462E /* Model.m */,
				9402B06A174CFBBA00E1C9FD /* UserModel.h */,
				9402B06B174CFBBA00E1C9FD /* UserModel.m */,
				9402B06D174D0B0F00E1C9FD /* UserProfile.h */,
				9402B06E174D0B0F00E1C9FD /* UserProfile.m */,
				9402B0701750A02500E1C9FD /* Message.h */,
				9402B0711750A02600E1C9FD /* Message.m */,
				9402B0731750A95D00E1C9FD /* Buddy.h */,
				9402B0741750A95D00E1C9FD /* Buddy.m */,
			);
			path = model;
			sourceTree = "<group>";
		};
		3D6151C71734A495003D72B0 /* views */ = {
			isa = PBXGroup;
			children = (
				3DB97805174A1424005B462E /* EventView.h */,
				3DB97806174A1424005B462E /* EventView.m */,
				3DB97807174A1424005B462E /* EventView.xib */,
				940EBBC1173E6C70001C3B44 /* Navigation.xib */,
				940EBBC3173E6CA5001C3B44 /* Navigation.h */,
				940EBBC4173E6CA5001C3B44 /* Navigation.m */,
				3DE06C8C174083F40071B8EE /* CalendarIntegrationView.xib */,
				3DE06C9417408C710071B8EE /* CalendarIntegrationView.h */,
				3DE06C9517408C710071B8EE /* CalendarIntegrationView.m */,
				3D046E241762C0D8008EE2DA /* LoginView.h */,
				3D046E251762C0D8008EE2DA /* LoginView.m */,
				3D046E271762C0EB008EE2DA /* LoginView.xib */,
			);
			path = views;
			sourceTree = "<group>";
		};
		3DB9780B174A2814005B462E /* controller */ = {
			isa = PBXGroup;
			children = (
				7644047A1751F8E300B11BDE /* RootNavContrller.h */,
				7644047B1751F8E300B11BDE /* RootNavContrller.m */,
				3DB9780C174A2832005B462E /* FeedViewController.h */,
				3DB9780D174A2832005B462E /* FeedViewController.m */,
				3D046E2E1763022F008EE2DA /* SignupViewController.h */,
				3D046E2F1763022F008EE2DA /* SignupViewController.m */,
				94F4A6A11765DA0F009F0094 /* LoginNowController.h */,
				94F4A6A21765DA0F009F0094 /* LoginNowController.m */,
				94F4A6A31765DA0F009F0094 /* LoginNowController.xib */,
			);
			path = controller;
			sourceTree = "<group>";
		};
		761F0D191754E002009650F4 /* googlePlaceApi */ = {
			isa = PBXGroup;
			children = (
				761F0D21175509C2009650F4 /* googleAPIKey.h */,
				761F0D1A1754E031009650F4 /* GPlaceApi.h */,
				761F0D1B1754E031009650F4 /* GPlaceApi.m */,
				761F0D1E1754E8E6009650F4 /* GPlaceDataSource.h */,
				761F0D1F1754E8E6009650F4 /* GPlaceDataSource.m */,
			);
			name = googlePlaceApi;
			path = calender/googlePlaceApi;
			sourceTree = "<group>";
		};
		76B970C4176F5BA200FC8535 /* Events */ = {
			isa = PBXGroup;
			children = (
				7672D168177091520053D024 /* AddLocationViewController.h */,
				7672D169177091520053D024 /* AddLocationViewController.m */,
				7672D16A177091520053D024 /* AddLocationViewController.xib */,
				76B970C5176F5BA200FC8535 /* AddEventViewController.h */,
				76B970C6176F5BA200FC8535 /* AddEventViewController.m */,
				76B970C7176F5BA200FC8535 /* AddEventViewController.xib */,
			);
			name = Events;
			path = calender/Events;
			sourceTree = "<group>";
		};
		76C22D65173FCD2F00AC7519 /* CalWiget */ = {
			isa = PBXGroup;
			children = (
				76C22D66173FCD3000AC7519 /* Kal.bundle */,
				76C22D67173FCD3000AC7519 /* logic */,
				76C22D6F173FCD3000AC7519 /* view */,
			);
			path = CalWiget;
			sourceTree = "<group>";
		};
		76C22D67173FCD3000AC7519 /* logic */ = {
			isa = PBXGroup;
			children = (
				76C22D68173FCD3000AC7519 /* KalDate.h */,
				76C22D69173FCD3000AC7519 /* KalDate.m */,
				76C22D6A173FCD3000AC7519 /* KalLogic.h */,
				76C22D6B173FCD3000AC7519 /* KalLogic.m */,
				76C22D6C173FCD3000AC7519 /* KalPrivate.h */,
				76C22D6D173FCD3000AC7519 /* NSDateAdditions.h */,
				76C22D6E173FCD3000AC7519 /* NSDateAdditions.m */,
			);
			path = logic;
			sourceTree = "<group>";
		};
		76C22D6F173FCD3000AC7519 /* view */ = {
			isa = PBXGroup;
			children = (
				76C22D70173FCD3000AC7519 /* KalGridView.h */,
				76C22D71173FCD3000AC7519 /* KalGridView.m */,
				76C22D72173FCD3000AC7519 /* KalMonthView.h */,
				76C22D73173FCD3000AC7519 /* KalMonthView.m */,
				76C22D74173FCD3000AC7519 /* KalTileView.h */,
				76C22D75173FCD3000AC7519 /* KalTileView.m */,
				76C22D76173FCD3000AC7519 /* KalView.h */,
				76C22D77173FCD3000AC7519 /* KalView.m */,
				76C22D78173FCD3000AC7519 /* KalWeekGridView.h */,
				76C22D79173FCD3000AC7519 /* KalWeekGridView.m */,
				76C22D7A173FCD3000AC7519 /* KalWeekView.h */,
				76C22D7B173FCD3000AC7519 /* KalWeekView.m */,
				76C22D7C173FCD3000AC7519 /* UIViewAdditions.h */,
				76C22D7D173FCD3000AC7519 /* UIViewAdditions.m */,
			);
			path = view;
			sourceTree = "<group>";
		};
		76D20B881766C51F00CCC21F /* Navigation */ = {
			isa = PBXGroup;
			children = (
				76D20B9B1766C51F00CCC21F /* navigationMenuCell.h */,
				76D20B9C1766C51F00CCC21F /* navigationMenuCell.m */,
				76D20B9D1766C51F00CCC21F /* navigationMenuCell.xib */,
				76D20B9E1766C51F00CCC21F /* navigationMenuCellBg.h */,
				76D20B9F1766C51F00CCC21F /* navigationMenuCellBg.m */,
				76D20BA01766C51F00CCC21F /* navigationMenuDataSource.h */,
				76D20BA11766C51F00CCC21F /* navigationMenuDataSource.m */,
				76D20BA21766C51F00CCC21F /* navigationNotifyCell.h */,
				76D20BA31766C51F00CCC21F /* navigationNotifyCell.m */,
				76D20BA41766C51F00CCC21F /* navigationNotifyCell.xib */,
				76D20BA51766C51F00CCC21F /* navigationNotifyCellBg.h */,
				76D20BA61766C51F00CCC21F /* navigationNotifyCellBg.m */,
				76D20BA71766C51F00CCC21F /* navigationNotifyDataSource.h */,
				76D20BA81766C51F00CCC21F /* navigationNotifyDataSource.m */,
				76D20BA91766C51F00CCC21F /* navigationNotifySectionHeader.h */,
				76D20BAA1766C51F00CCC21F /* navigationNotifySectionHeader.m */,
				76D20BAB1766C51F00CCC21F /* navigationNotifySectionHeader.xib */,
				76D20BAC1766C51F00CCC21F /* resource */,
			);
			path = Navigation;
			sourceTree = "<group>";
		};
		76D20BAC1766C51F00CCC21F /* resource */ = {
			isa = PBXGroup;
			children = (
				76D20BAD1766C51F00CCC21F /* manuHeadImage.jpg */,
				76D20BAE1766C51F00CCC21F /* manuNavCal.png */,
				76D20BAF1766C51F00CCC21F /* manuNavQuestion.png */,
				76D20BB01766C51F00CCC21F /* manuNavSetting.png */,
			);
			path = resource;
			sourceTree = "<group>";
		};
		76DD62B01768AEF900C8F6AF /* Utils */ = {
			isa = PBXGroup;
			children = (
				76DD62B11768AEF900C8F6AF /* AttributedLabel.h */,
				76DD62B21768AEF900C8F6AF /* AttributedLabel.m */,
			);
			name = Utils;
			path = calender/Utils;
			sourceTree = "<group>";
		};
		76DFD0D11764AF7100B183B7 /* Navigation */ = {
			isa = PBXGroup;
			children = (
				76D20B881766C51F00CCC21F /* Navigation */,
				76DFD0D21764AF7100B183B7 /* DDMenuController.h */,
				76DFD0D31764AF7100B183B7 /* DDMenuController.m */,
				76DFD0D41764AF7100B183B7 /* menuNavigation.h */,
				76DFD0D51764AF7100B183B7 /* menuNavigation.m */,
			);
			name = Navigation;
			path = calender/Navigation;
			sourceTree = "<group>";
		};
		940EBBBA173E6BEB001C3B44 /* images */ = {
			isa = PBXGroup;
			children = (
				943090221770985000266515 /* colordot */,
				943090201770932900266515 /* clock.png */,
				3D046E1C1762C091008EE2DA /* btn_login_fb@2x.png */,
				3D046E1D1762C091008EE2DA /* btn_login_google@2x.png */,
				3D046E1E1762C091008EE2DA /* btn_login@2x.png */,
				3D046E1F1762C091008EE2DA /* login_background@2x.png */,
				3DE06C9217408A4D0071B8EE /* bg_line2@2x.png */,
				3DE06C8E174086310071B8EE /* bg_line1@2x.png */,
				3DE06C8F174086310071B8EE /* btn_ok@2x.png */,
				940EBBD5173E8033001C3B44 /* header_mask.png */,
				940EBBD6173E8033001C3B44 /* header.png */,
				940EBBCD173E7EC8001C3B44 /* attendees.png */,
				940EBBCE173E7EC8001C3B44 /* circle.png */,
				940EBBCF173E7EC8001C3B44 /* circle2.png */,
				940EBBD0173E7EC8001C3B44 /* location.png */,
				940EBBC6173E71C0001C3B44 /* bg_section_header.png */,
				940EBBC7173E71C0001C3B44 /* dot.png */,
				940EBBBB173E6C32001C3B44 /* bg_nav@2x.png */,
				940EBBBC173E6C32001C3B44 /* btn_add@2x.png */,
				940EBBBD173E6C32001C3B44 /* btn_menu@2x.png */,
			);
			path = images;
			sourceTree = "<group>";
		};
		943090221770985000266515 /* colordot */ = {
			isa = PBXGroup;
			children = (
				943090231770985000266515 /* colordot1.png */,
				943090241770985000266515 /* colordot2.png */,
				943090251770985000266515 /* colordot3.png */,
				943090261770985000266515 /* colordot4.png */,
				943090271770985000266515 /* colordot5.png */,
				943090281770985000266515 /* colordot6.png */,
			);
			path = colordot;
			sourceTree = "<group>";
		};
/* End PBXGroup section */

/* Begin PBXNativeTarget section */
		3D61519F1734A391003D72B0 /* calender */ = {
			isa = PBXNativeTarget;
			buildConfigurationList = 3D6151C31734A391003D72B0 /* Build configuration list for PBXNativeTarget "calender" */;
			buildPhases = (
				3D61519C1734A391003D72B0 /* Sources */,
				3D61519D1734A391003D72B0 /* Frameworks */,
				3D61519E1734A391003D72B0 /* Resources */,
			);
			buildRules = (
			);
			dependencies = (
			);
			name = calender;
			productName = calender;
			productReference = 3D6151A01734A391003D72B0 /* calender.app */;
			productType = "com.apple.product-type.application";
		};
/* End PBXNativeTarget section */

/* Begin PBXProject section */
		3D6151981734A391003D72B0 /* Project object */ = {
			isa = PBXProject;
			attributes = {
				LastUpgradeCheck = 0460;
				ORGANIZATIONNAME = "fang xiang";
			};
			buildConfigurationList = 3D61519B1734A391003D72B0 /* Build configuration list for PBXProject "calender" */;
			compatibilityVersion = "Xcode 3.2";
			developmentRegion = English;
			hasScannedForEncodings = 0;
			knownRegions = (
				en,
			);
			mainGroup = 3D6151971734A391003D72B0;
			productRefGroup = 3D6151A11734A391003D72B0 /* Products */;
			projectDirPath = "";
			projectRoot = "";
			targets = (
				3D61519F1734A391003D72B0 /* calender */,
			);
		};
/* End PBXProject section */

/* Begin PBXResourcesBuildPhase section */
		3D61519E1734A391003D72B0 /* Resources */ = {
			isa = PBXResourcesBuildPhase;
			buildActionMask = 2147483647;
			files = (
				7672D16B1770925B0053D024 /* AddLocationViewController.xib in Resources */,
				7672D16C1770925B0053D024 /* AddEventViewController.xib in Resources */,
				3D6151AE1734A391003D72B0 /* InfoPlist.strings in Resources */,
				3D6151B61734A391003D72B0 /* Default.png in Resources */,
				3D6151B81734A391003D72B0 /* Default@2x.png in Resources */,
				3D6151BA1734A391003D72B0 /* Default-568h@2x.png in Resources */,
				940EBBBE173E6C32001C3B44 /* bg_nav@2x.png in Resources */,
				940EBBBF173E6C32001C3B44 /* btn_add@2x.png in Resources */,
				940EBBC0173E6C32001C3B44 /* btn_menu@2x.png in Resources */,
				940EBBC2173E6C70001C3B44 /* Navigation.xib in Resources */,
				940EBBC8173E71C0001C3B44 /* bg_section_header.png in Resources */,
				940EBBC9173E71C0001C3B44 /* dot.png in Resources */,
				940EBBD1173E7EC8001C3B44 /* attendees.png in Resources */,
				940EBBD2173E7EC8001C3B44 /* circle.png in Resources */,
				940EBBD3173E7EC8001C3B44 /* circle2.png in Resources */,
				940EBBD4173E7EC8001C3B44 /* location.png in Resources */,
				940EBBD7173E8033001C3B44 /* header_mask.png in Resources */,
				940EBBD8173E8033001C3B44 /* header.png in Resources */,
				76C22D7E173FCD3000AC7519 /* Kal.bundle in Resources */,
				3DE06C8D174083F40071B8EE /* CalendarIntegrationView.xib in Resources */,
				3DE06C90174086310071B8EE /* bg_line1@2x.png in Resources */,
				3DE06C91174086310071B8EE /* btn_ok@2x.png in Resources */,
				3DE06C9317408A4D0071B8EE /* bg_line2@2x.png in Resources */,
				3D9AD89C1740B4AE0017B69E /* Default-568h@2x.png in Resources */,
				3DB97809174A1424005B462E /* EventView.xib in Resources */,
				764404BC17523BF500B11BDE /* GoogleMaps.bundle in Resources */,
				3D046E201762C091008EE2DA /* btn_login_fb@2x.png in Resources */,
				3D046E211762C091008EE2DA /* btn_login_google@2x.png in Resources */,
				3D046E221762C091008EE2DA /* btn_login@2x.png in Resources */,
				3D046E231762C091008EE2DA /* login_background@2x.png in Resources */,
				3D046E281762C0EB008EE2DA /* LoginView.xib in Resources */,
				94F4A6A51765DA0F009F0094 /* LoginNowController.xib in Resources */,
				76D20BBB1766C51F00CCC21F /* navigationMenuCell.xib in Resources */,
				76D20BBF1766C51F00CCC21F /* navigationNotifyCell.xib in Resources */,
				76D20BC31766C51F00CCC21F /* navigationNotifySectionHeader.xib in Resources */,
				76D20BC41766C51F00CCC21F /* manuHeadImage.jpg in Resources */,
				76D20BC51766C51F00CCC21F /* manuNavCal.png in Resources */,
				76D20BC61766C51F00CCC21F /* manuNavQuestion.png in Resources */,
				76D20BC71766C51F00CCC21F /* manuNavSetting.png in Resources */,
				943090211770932900266515 /* clock.png in Resources */,
				943090291770985000266515 /* colordot1.png in Resources */,
				9430902A1770985000266515 /* colordot2.png in Resources */,
				9430902B1770985000266515 /* colordot3.png in Resources */,
				9430902C1770985000266515 /* colordot4.png in Resources */,
				9430902D1770985000266515 /* colordot5.png in Resources */,
				9430902E1770985000266515 /* colordot6.png in Resources */,
			);
			runOnlyForDeploymentPostprocessing = 0;
		};
/* End PBXResourcesBuildPhase section */

/* Begin PBXSourcesBuildPhase section */
		3D61519C1734A391003D72B0 /* Sources */ = {
			isa = PBXSourcesBuildPhase;
			buildActionMask = 2147483647;
			files = (
				7672D16D177093C10053D024 /* AddLocationViewController.m in Sources */,
				7672D16E177093C10053D024 /* AddEventViewController.m in Sources */,
				3D6151B01734A391003D72B0 /* main.m in Sources */,
				3D6151B41734A391003D72B0 /* AppDelegate.m in Sources */,
				3D6151CA1734A4C4003D72B0 /* User.m in Sources */,
				3D6151D01734AF2A003D72B0 /* Location.m in Sources */,
				3D6151D31734B1AB003D72B0 /* Event.m in Sources */,
				940EBBC5173E6CA5001C3B44 /* Navigation.m in Sources */,
				76C22D7F173FCD3000AC7519 /* KalDate.m in Sources */,
				76C22D80173FCD3000AC7519 /* KalLogic.m in Sources */,
				76C22D81173FCD3000AC7519 /* NSDateAdditions.m in Sources */,
				76C22D82173FCD3000AC7519 /* KalGridView.m in Sources */,
				76C22D83173FCD3000AC7519 /* KalMonthView.m in Sources */,
				76C22D84173FCD3000AC7519 /* KalTileView.m in Sources */,
				76C22D85173FCD3000AC7519 /* KalView.m in Sources */,
				76C22D86173FCD3000AC7519 /* KalWeekGridView.m in Sources */,
				76C22D87173FCD3000AC7519 /* KalWeekView.m in Sources */,
				76C22D88173FCD3000AC7519 /* UIViewAdditions.m in Sources */,
				3DE06C9617408C710071B8EE /* CalendarIntegrationView.m in Sources */,
				3DB97804174A1187005B462E /* Model.m in Sources */,
				3DB97808174A1424005B462E /* EventView.m in Sources */,
				3DB9780E174A2832005B462E /* FeedViewController.m in Sources */,
				9402B069174BB5D400E1C9FD /* Utils.m in Sources */,
				9402B06C174CFBBB00E1C9FD /* UserModel.m in Sources */,
				9402B06F174D0B0F00E1C9FD /* UserProfile.m in Sources */,
				9402B0721750A02600E1C9FD /* Message.m in Sources */,
				9402B0751750A95E00E1C9FD /* Buddy.m in Sources */,
				7644047C1751F8E300B11BDE /* RootNavContrller.m in Sources */,
				761F0D1C1754E031009650F4 /* GPlaceApi.m in Sources */,
				761F0D201754E8E6009650F4 /* GPlaceDataSource.m in Sources */,
				3D046E261762C0D8008EE2DA /* LoginView.m in Sources */,
				3D046E301763022F008EE2DA /* SignupViewController.m in Sources */,
				76DFD0D61764AF7100B183B7 /* DDMenuController.m in Sources */,
				76DFD0D71764AF7100B183B7 /* menuNavigation.m in Sources */,
				94F4A6A41765DA0F009F0094 /* LoginNowController.m in Sources */,
				76D20BBA1766C51F00CCC21F /* navigationMenuCell.m in Sources */,
				76D20BBC1766C51F00CCC21F /* navigationMenuCellBg.m in Sources */,
				76D20BBD1766C51F00CCC21F /* navigationMenuDataSource.m in Sources */,
				76D20BBE1766C51F00CCC21F /* navigationNotifyCell.m in Sources */,
				76D20BC01766C51F00CCC21F /* navigationNotifyCellBg.m in Sources */,
				76D20BC11766C51F00CCC21F /* navigationNotifyDataSource.m in Sources */,
				76D20BC21766C51F00CCC21F /* navigationNotifySectionHeader.m in Sources */,
				76DD62B31768AEF900C8F6AF /* AttributedLabel.m in Sources */,
			);
			runOnlyForDeploymentPostprocessing = 0;
		};
/* End PBXSourcesBuildPhase section */

/* Begin PBXVariantGroup section */
		3D6151AC1734A391003D72B0 /* InfoPlist.strings */ = {
			isa = PBXVariantGroup;
			children = (
				3D6151AD1734A391003D72B0 /* en */,
			);
			name = InfoPlist.strings;
			sourceTree = "<group>";
		};
/* End PBXVariantGroup section */

/* Begin XCBuildConfiguration section */
		3D6151C11734A391003D72B0 /* Debug */ = {
			isa = XCBuildConfiguration;
			buildSettings = {
				ALWAYS_SEARCH_USER_PATHS = NO;
				ARCHS = armv7;
				CLANG_CXX_LANGUAGE_STANDARD = "gnu++0x";
				CLANG_CXX_LIBRARY = "libc++";
				CLANG_ENABLE_OBJC_ARC = YES;
				CLANG_WARN_CONSTANT_CONVERSION = YES;
				CLANG_WARN_EMPTY_BODY = YES;
				CLANG_WARN_ENUM_CONVERSION = YES;
				CLANG_WARN_INT_CONVERSION = YES;
				CLANG_WARN__DUPLICATE_METHOD_MATCH = YES;
				"CODE_SIGN_IDENTITY[sdk=iphoneos*]" = "iPhone Developer";
				COPY_PHASE_STRIP = NO;
				GCC_C_LANGUAGE_STANDARD = gnu99;
				GCC_DYNAMIC_NO_PIC = NO;
				GCC_OPTIMIZATION_LEVEL = 0;
				GCC_PREPROCESSOR_DEFINITIONS = (
					"DEBUG=1",
					"$(inherited)",
				);
				GCC_SYMBOLS_PRIVATE_EXTERN = NO;
				GCC_WARN_ABOUT_RETURN_TYPE = YES;
				GCC_WARN_UNINITIALIZED_AUTOS = YES;
				GCC_WARN_UNUSED_VARIABLE = YES;
				IPHONEOS_DEPLOYMENT_TARGET = 6.1;
				ONLY_ACTIVE_ARCH = YES;
				OTHER_LDFLAGS = "-ObjC";
				SDKROOT = iphoneos;
			};
			name = Debug;
		};
		3D6151C21734A391003D72B0 /* Release */ = {
			isa = XCBuildConfiguration;
			buildSettings = {
				ALWAYS_SEARCH_USER_PATHS = NO;
				ARCHS = armv7;
				CLANG_CXX_LANGUAGE_STANDARD = "gnu++0x";
				CLANG_CXX_LIBRARY = "libc++";
				CLANG_ENABLE_OBJC_ARC = YES;
				CLANG_WARN_CONSTANT_CONVERSION = YES;
				CLANG_WARN_EMPTY_BODY = YES;
				CLANG_WARN_ENUM_CONVERSION = YES;
				CLANG_WARN_INT_CONVERSION = YES;
				CLANG_WARN__DUPLICATE_METHOD_MATCH = YES;
				"CODE_SIGN_IDENTITY[sdk=iphoneos*]" = "iPhone Developer";
				COPY_PHASE_STRIP = YES;
				GCC_C_LANGUAGE_STANDARD = gnu99;
				GCC_WARN_ABOUT_RETURN_TYPE = YES;
				GCC_WARN_UNINITIALIZED_AUTOS = YES;
				GCC_WARN_UNUSED_VARIABLE = YES;
				IPHONEOS_DEPLOYMENT_TARGET = 6.1;
				OTHER_CFLAGS = "-DNS_BLOCK_ASSERTIONS=1";
				OTHER_LDFLAGS = "-ObjC";
				SDKROOT = iphoneos;
				VALIDATE_PRODUCT = YES;
			};
			name = Release;
		};
		3D6151C41734A391003D72B0 /* Debug */ = {
			isa = XCBuildConfiguration;
			buildSettings = {
				CODE_SIGN_IDENTITY = "iPhone Developer";
				"CODE_SIGN_IDENTITY[sdk=iphoneos*]" = "iPhone Developer";
				FRAMEWORK_SEARCH_PATHS = (
					"$(inherited)",
					"\"$(SRCROOT)/calender\"",
					"\"$(SRCROOT)\"",
				);
				GCC_PRECOMPILE_PREFIX_HEADER = YES;
				GCC_PREFIX_HEADER = "calender/calender-Prefix.pch";
				INFOPLIST_FILE = "calender/calender-Info.plist";
				IPHONEOS_DEPLOYMENT_TARGET = 5.0;
				PRODUCT_NAME = "$(TARGET_NAME)";
				PROVISIONING_PROFILE = "";
				"PROVISIONING_PROFILE[sdk=iphoneos*]" = "";
				WRAPPER_EXTENSION = app;
			};
			name = Debug;
		};
		3D6151C51734A391003D72B0 /* Release */ = {
			isa = XCBuildConfiguration;
			buildSettings = {
				CODE_SIGN_IDENTITY = "iPhone Developer";
				"CODE_SIGN_IDENTITY[sdk=iphoneos*]" = "iPhone Developer";
				FRAMEWORK_SEARCH_PATHS = (
					"$(inherited)",
					"\"$(SRCROOT)/calender\"",
					"\"$(SRCROOT)\"",
				);
				GCC_PRECOMPILE_PREFIX_HEADER = YES;
				GCC_PREFIX_HEADER = "calender/calender-Prefix.pch";
				INFOPLIST_FILE = "calender/calender-Info.plist";
				IPHONEOS_DEPLOYMENT_TARGET = 5.0;
				PRODUCT_NAME = "$(TARGET_NAME)";
				PROVISIONING_PROFILE = "";
				"PROVISIONING_PROFILE[sdk=iphoneos*]" = "";
				WRAPPER_EXTENSION = app;
			};
			name = Release;
		};
/* End XCBuildConfiguration section */

/* Begin XCConfigurationList section */
		3D61519B1734A391003D72B0 /* Build configuration list for PBXProject "calender" */ = {
			isa = XCConfigurationList;
			buildConfigurations = (
				3D6151C11734A391003D72B0 /* Debug */,
				3D6151C21734A391003D72B0 /* Release */,
			);
			defaultConfigurationIsVisible = 0;
			defaultConfigurationName = Release;
		};
		3D6151C31734A391003D72B0 /* Build configuration list for PBXNativeTarget "calender" */ = {
			isa = XCConfigurationList;
			buildConfigurations = (
				3D6151C41734A391003D72B0 /* Debug */,
				3D6151C51734A391003D72B0 /* Release */,
			);
			defaultConfigurationIsVisible = 0;
			defaultConfigurationName = Release;
		};
/* End XCConfigurationList section */
	};
	rootObject = 3D6151981734A391003D72B0 /* Project object */;
}
